// !$*UTF8*$!
{
	archiveVersion = 1;
	classes = {
	};
	objectVersion = 50;
	objects = {

/* Begin PBXBuildFile section */
		5DCE1C8B2716159F00F21DA5 /* AppDelegate.swift in Sources */ = {isa = PBXBuildFile; fileRef = 5DCE1C8A2716159F00F21DA5 /* AppDelegate.swift */; };
		5DCE1C8D2716159F00F21DA5 /* SceneDelegate.swift in Sources */ = {isa = PBXBuildFile; fileRef = 5DCE1C8C2716159F00F21DA5 /* SceneDelegate.swift */; };
		5DCE1C8F2716159F00F21DA5 /* ViewController.swift in Sources */ = {isa = PBXBuildFile; fileRef = 5DCE1C8E2716159F00F21DA5 /* ViewController.swift */; };
		5DCE1C922716159F00F21DA5 /* Main.storyboard in Resources */ = {isa = PBXBuildFile; fileRef = 5DCE1C902716159F00F21DA5 /* Main.storyboard */; };
		5DCE1C94271615A300F21DA5 /* Assets.xcassets in Resources */ = {isa = PBXBuildFile; fileRef = 5DCE1C93271615A300F21DA5 /* Assets.xcassets */; };
		5DCE1C97271615A300F21DA5 /* LaunchScreen.storyboard in Resources */ = {isa = PBXBuildFile; fileRef = 5DCE1C95271615A300F21DA5 /* LaunchScreen.storyboard */; };
		5DCE1CA2271615A300F21DA5 /* SegueProjectTests.swift in Sources */ = {isa = PBXBuildFile; fileRef = 5DCE1CA1271615A300F21DA5 /* SegueProjectTests.swift */; };
		5DCE1CAD271615A300F21DA5 /* SegueProjectUITests.swift in Sources */ = {isa = PBXBuildFile; fileRef = 5DCE1CAC271615A300F21DA5 /* SegueProjectUITests.swift */; };
		5DCE1CBB2716178000F21DA5 /* SecondController.swift in Sources */ = {isa = PBXBuildFile; fileRef = 5DCE1CBA2716178000F21DA5 /* SecondController.swift */; };
/* End PBXBuildFile section */

/* Begin PBXContainerItemProxy section */
		5DCE1C9E271615A300F21DA5 /* PBXContainerItemProxy */ = {
			isa = PBXContainerItemProxy;
			containerPortal = 5DCE1C7F2716159F00F21DA5 /* Project object */;
			proxyType = 1;
			remoteGlobalIDString = 5DCE1C862716159F00F21DA5;
			remoteInfo = SegueProject;
		};
		5DCE1CA9271615A300F21DA5 /* PBXContainerItemProxy */ = {
			isa = PBXContainerItemProxy;
			containerPortal = 5DCE1C7F2716159F00F21DA5 /* Project object */;
			proxyType = 1;
			remoteGlobalIDString = 5DCE1C862716159F00F21DA5;
			remoteInfo = SegueProject;
		};
/* End PBXContainerItemProxy section */

/* Begin PBXFileReference section */
		5DCE1C872716159F00F21DA5 /* SegueProject.app */ = {isa = PBXFileReference; explicitFileType = wrapper.application; includeInIndex = 0; path = SegueProject.app; sourceTree = BUILT_PRODUCTS_DIR; };
		5DCE1C8A2716159F00F21DA5 /* AppDelegate.swift */ = {isa = PBXFileReference; lastKnownFileType = sourcecode.swift; path = AppDelegate.swift; sourceTree = "<group>"; };
		5DCE1C8C2716159F00F21DA5 /* SceneDelegate.swift */ = {isa = PBXFileReference; lastKnownFileType = sourcecode.swift; path = SceneDelegate.swift; sourceTree = "<group>"; };
		5DCE1C8E2716159F00F21DA5 /* ViewController.swift */ = {isa = PBXFileReference; lastKnownFileType = sourcecode.swift; path = ViewController.swift; sourceTree = "<group>"; };
		5DCE1C912716159F00F21DA5 /* Base */ = {isa = PBXFileReference; lastKnownFileType = file.storyboard; name = Base; path = Base.lproj/Main.storyboard; sourceTree = "<group>"; };
		5DCE1C93271615A300F21DA5 /* Assets.xcassets */ = {isa = PBXFileReference; lastKnownFileType = folder.assetcatalog; path = Assets.xcassets; sourceTree = "<group>"; };
		5DCE1C96271615A300F21DA5 /* Base */ = {isa = PBXFileReference; lastKnownFileType = file.storyboard; name = Base; path = Base.lproj/LaunchScreen.storyboard; sourceTree = "<group>"; };
		5DCE1C98271615A300F21DA5 /* Info.plist */ = {isa = PBXFileReference; lastKnownFileType = text.plist.xml; path = Info.plist; sourceTree = "<group>"; };
		5DCE1C9D271615A300F21DA5 /* SegueProjectTests.xctest */ = {isa = PBXFileReference; explicitFileType = wrapper.cfbundle; includeInIndex = 0; path = SegueProjectTests.xctest; sourceTree = BUILT_PRODUCTS_DIR; };
		5DCE1CA1271615A300F21DA5 /* SegueProjectTests.swift */ = {isa = PBXFileReference; lastKnownFileType = sourcecode.swift; path = SegueProjectTests.swift; sourceTree = "<group>"; };
		5DCE1CA3271615A300F21DA5 /* Info.plist */ = {isa = PBXFileReference; lastKnownFileType = text.plist.xml; path = Info.plist; sourceTree = "<group>"; };
		5DCE1CA8271615A300F21DA5 /* SegueProjectUITests.xctest */ = {isa = PBXFileReference; explicitFileType = wrapper.cfbundle; includeInIndex = 0; path = SegueProjectUITests.xctest; sourceTree = BUILT_PRODUCTS_DIR; };
		5DCE1CAC271615A300F21DA5 /* SegueProjectUITests.swift */ = {isa = PBXFileReference; lastKnownFileType = sourcecode.swift; path = SegueProjectUITests.swift; sourceTree = "<group>"; };
		5DCE1CAE271615A300F21DA5 /* Info.plist */ = {isa = PBXFileReference; lastKnownFileType = text.plist.xml; path = Info.plist; sourceTree = "<group>"; };
		5DCE1CBA2716178000F21DA5 /* SecondController.swift */ = {isa = PBXFileReference; lastKnownFileType = sourcecode.swift; path = SecondController.swift; sourceTree = "<group>"; };
/* End PBXFileReference section */

/* Begin PBXFrameworksBuildPhase section */
		5DCE1C842716159F00F21DA5 /* Frameworks */ = {
			isa = PBXFrameworksBuildPhase;
			buildActionMask = 2147483647;
			files = (
			);
			runOnlyForDeploymentPostprocessing = 0;
		};
		5DCE1C9A271615A300F21DA5 /* Frameworks */ = {
			isa = PBXFrameworksBuildPhase;
			buildActionMask = 2147483647;
			files = (
			);
			runOnlyForDeploymentPostprocessing = 0;
		};
		5DCE1CA5271615A300F21DA5 /* Frameworks */ = {
			isa = PBXFrameworksBuildPhase;
			buildActionMask = 2147483647;
			files = (
			);
			runOnlyForDeploymentPostprocessing = 0;
		};
/* End PBXFrameworksBuildPhase section */

/* Begin PBXGroup section */
		5DCE1C7E2716159F00F21DA5 = {
			isa = PBXGroup;
			children = (
				5DCE1C892716159F00F21DA5 /* SegueProject */,
				5DCE1CA0271615A300F21DA5 /* SegueProjectTests */,
				5DCE1CAB271615A300F21DA5 /* SegueProjectUITests */,
				5DCE1C882716159F00F21DA5 /* Products */,
			);
			sourceTree = "<group>";
		};
		5DCE1C882716159F00F21DA5 /* Products */ = {
			isa = PBXGroup;
			children = (
				5DCE1C872716159F00F21DA5 /* SegueProject.app */,
				5DCE1C9D271615A300F21DA5 /* SegueProjectTests.xctest */,
				5DCE1CA8271615A300F21DA5 /* SegueProjectUITests.xctest */,
			);
			name = Products;
			sourceTree = "<group>";
		};
		5DCE1C892716159F00F21DA5 /* SegueProject */ = {
			isa = PBXGroup;
			children = (
				5DCE1C8A2716159F00F21DA5 /* AppDelegate.swift */,
				5DCE1C8C2716159F00F21DA5 /* SceneDelegate.swift */,
				5DCE1C8E2716159F00F21DA5 /* ViewController.swift */,
				5DCE1CBA2716178000F21DA5 /* SecondController.swift */,
				5DCE1C902716159F00F21DA5 /* Main.storyboard */,
				5DCE1C93271615A300F21DA5 /* Assets.xcassets */,
				5DCE1C95271615A300F21DA5 /* LaunchScreen.storyboard */,
				5DCE1C98271615A300F21DA5 /* Info.plist */,
			);
			path = SegueProject;
			sourceTree = "<group>";
		};
		5DCE1CA0271615A300F21DA5 /* SegueProjectTests */ = {
			isa = PBXGroup;
			children = (
				5DCE1CA1271615A300F21DA5 /* SegueProjectTests.swift */,
				5DCE1CA3271615A300F21DA5 /* Info.plist */,
			);
			path = SegueProjectTests;
			sourceTree = "<group>";
		};
		5DCE1CAB271615A300F21DA5 /* SegueProjectUITests */ = {
			isa = PBXGroup;
			children = (
				5DCE1CAC271615A300F21DA5 /* SegueProjectUITests.swift */,
				5DCE1CAE271615A300F21DA5 /* Info.plist */,
			);
			path = SegueProjectUITests;
			sourceTree = "<group>";
		};
/* End PBXGroup section */

/* Begin PBXNativeTarget section */
		5DCE1C862716159F00F21DA5 /* SegueProject */ = {
			isa = PBXNativeTarget;
			buildConfigurationList = 5DCE1CB1271615A300F21DA5 /* Build configuration list for PBXNativeTarget "SegueProject" */;
			buildPhases = (
				5DCE1C832716159F00F21DA5 /* Sources */,
				5DCE1C842716159F00F21DA5 /* Frameworks */,
				5DCE1C852716159F00F21DA5 /* Resources */,
			);
			buildRules = (
			);
			dependencies = (
			);
			name = SegueProject;
			productName = SegueProject;
			productReference = 5DCE1C872716159F00F21DA5 /* SegueProject.app */;
			productType = "com.apple.product-type.application";
		};
		5DCE1C9C271615A300F21DA5 /* SegueProjectTests */ = {
			isa = PBXNativeTarget;
			buildConfigurationList = 5DCE1CB4271615A300F21DA5 /* Build configuration list for PBXNativeTarget "SegueProjectTests" */;
			buildPhases = (
				5DCE1C99271615A300F21DA5 /* Sources */,
				5DCE1C9A271615A300F21DA5 /* Frameworks */,
				5DCE1C9B271615A300F21DA5 /* Resources */,
			);
			buildRules = (
			);
			dependencies = (
				5DCE1C9F271615A300F21DA5 /* PBXTargetDependency */,
			);
			name = SegueProjectTests;
			productName = SegueProjectTests;
			productReference = 5DCE1C9D271615A300F21DA5 /* SegueProjectTests.xctest */;
			productType = "com.apple.product-type.bundle.unit-test";
		};
		5DCE1CA7271615A300F21DA5 /* SegueProjectUITests */ = {
			isa = PBXNativeTarget;
			buildConfigurationList = 5DCE1CB7271615A300F21DA5 /* Build configuration list for PBXNativeTarget "SegueProjectUITests" */;
			buildPhases = (
				5DCE1CA4271615A300F21DA5 /* Sources */,
				5DCE1CA5271615A300F21DA5 /* Frameworks */,
				5DCE1CA6271615A300F21DA5 /* Resources */,
			);
			buildRules = (
			);
			dependencies = (
				5DCE1CAA271615A300F21DA5 /* PBXTargetDependency */,
			);
			name = SegueProjectUITests;
			productName = SegueProjectUITests;
			productReference = 5DCE1CA8271615A300F21DA5 /* SegueProjectUITests.xctest */;
			productType = "com.apple.product-type.bundle.ui-testing";
		};
/* End PBXNativeTarget section */

/* Begin PBXProject section */
		5DCE1C7F2716159F00F21DA5 /* Project object */ = {
			isa = PBXProject;
			attributes = {
				LastSwiftUpdateCheck = 1250;
				LastUpgradeCheck = 1250;
				TargetAttributes = {
					5DCE1C862716159F00F21DA5 = {
						CreatedOnToolsVersion = 12.5.1;
					};
					5DCE1C9C271615A300F21DA5 = {
						CreatedOnToolsVersion = 12.5.1;
						TestTargetID = 5DCE1C862716159F00F21DA5;
					};
					5DCE1CA7271615A300F21DA5 = {
						CreatedOnToolsVersion = 12.5.1;
						TestTargetID = 5DCE1C862716159F00F21DA5;
					};
				};
			};
			buildConfigurationList = 5DCE1C822716159F00F21DA5 /* Build configuration list for PBXProject "SegueProject" */;
			compatibilityVersion = "Xcode 9.3";
			developmentRegion = en;
			hasScannedForEncodings = 0;
			knownRegions = (
				en,
				Base,
			);
			mainGroup = 5DCE1C7E2716159F00F21DA5;
			productRefGroup = 5DCE1C882716159F00F21DA5 /* Products */;
			projectDirPath = "";
			projectRoot = "";
			targets = (
				5DCE1C862716159F00F21DA5 /* SegueProject */,
				5DCE1C9C271615A300F21DA5 /* SegueProjectTests */,
				5DCE1CA7271615A300F21DA5 /* SegueProjectUITests */,
			);
		};
/* End PBXProject section */

/* Begin PBXResourcesBuildPhase section */
		5DCE1C852716159F00F21DA5 /* Resources */ = {
			isa = PBXResourcesBuildPhase;
			buildActionMask = 2147483647;
			files = (
				5DCE1C97271615A300F21DA5 /* LaunchScreen.storyboard in Resources */,
				5DCE1C94271615A300F21DA5 /* Assets.xcassets in Resources */,
				5DCE1C922716159F00F21DA5 /* Main.storyboard in Resources */,
			);
			runOnlyForDeploymentPostprocessing = 0;
		};
		5DCE1C9B271615A300F21DA5 /* Resources */ = {
			isa = PBXResourcesBuildPhase;
			buildActionMask = 2147483647;
			files = (
			);
			runOnlyForDeploymentPostprocessing = 0;
		};
		5DCE1CA6271615A300F21DA5 /* Resources */ = {
			isa = PBXResourcesBuildPhase;
			buildActionMask = 2147483647;
			files = (
			);
			runOnlyForDeploymentPostprocessing = 0;
		};
/* End PBXResourcesBuildPhase section */

/* Begin PBXSourcesBuildPhase section */
		5DCE1C832716159F00F21DA5 /* Sources */ = {
			isa = PBXSourcesBuildPhase;
			buildActionMask = 2147483647;
			files = (
				5DCE1C8F2716159F00F21DA5 /* ViewController.swift in Sources */,
				5DCE1CBB2716178000F21DA5 /* SecondController.swift in Sources */,
				5DCE1C8B2716159F00F21DA5 /* AppDelegate.swift in Sources */,
				5DCE1C8D2716159F00F21DA5 /* SceneDelegate.swift in Sources */,
			);
			runOnlyForDeploymentPostprocessing = 0;
		};
		5DCE1C99271615A300F21DA5 /* Sources */ = {
			isa = PBXSourcesBuildPhase;
			buildActionMask = 2147483647;
			files = (
				5DCE1CA2271615A300F21DA5 /* SegueProjectTests.swift in Sources */,
			);
			runOnlyForDeploymentPostprocessing = 0;
		};
		5DCE1CA4271615A300F21DA5 /* Sources */ = {
			isa = PBXSourcesBuildPhase;
			buildActionMask = 2147483647;
			files = (
				5DCE1CAD271615A300F21DA5 /* SegueProjectUITests.swift in Sources */,
			);
			runOnlyForDeploymentPostprocessing = 0;
		};
/* End PBXSourcesBuildPhase section */

/* Begin PBXTargetDependency section */
		5DCE1C9F271615A300F21DA5 /* PBXTargetDependency */ = {
			isa = PBXTargetDependency;
			target = 5DCE1C862716159F00F21DA5 /* SegueProject */;
			targetProxy = 5DCE1C9E271615A300F21DA5 /* PBXContainerItemProxy */;
		};
		5DCE1CAA271615A300F21DA5 /* PBXTargetDependency */ = {
			isa = PBXTargetDependency;
			target = 5DCE1C862716159F00F21DA5 /* SegueProject */;
			targetProxy = 5DCE1CA9271615A300F21DA5 /* PBXContainerItemProxy */;
		};
/* End PBXTargetDependency section */

/* Begin PBXVariantGroup section */
		5DCE1C902716159F00F21DA5 /* Main.storyboard */ = {
			isa = PBXVariantGroup;
			children = (
				5DCE1C912716159F00F21DA5 /* Base */,
			);
			name = Main.storyboard;
			sourceTree = "<group>";
		};
		5DCE1C95271615A300F21DA5 /* LaunchScreen.storyboard */ = {
			isa = PBXVariantGroup;
			children = (
				5DCE1C96271615A300F21DA5 /* Base */,
			);
			name = LaunchScreen.storyboard;
			sourceTree = "<group>";
		};
/* End PBXVariantGroup section */

/* Begin XCBuildConfiguration section */
		5DCE1CAF271615A300F21DA5 /* Debug */ = {
			isa = XCBuildConfiguration;
			buildSettings = {
				ALWAYS_SEARCH_USER_PATHS = NO;
				CLANG_ANALYZER_NONNULL = YES;
				CLANG_ANALYZER_NUMBER_OBJECT_CONVERSION = YES_AGGRESSIVE;
				CLANG_CXX_LANGUAGE_STANDARD = "gnu++14";
				CLANG_CXX_LIBRARY = "libc++";
				CLANG_ENABLE_MODULES = YES;
				CLANG_ENABLE_OBJC_ARC = YES;
				CLANG_ENABLE_OBJC_WEAK = YES;
				CLANG_WARN_BLOCK_CAPTURE_AUTORELEASING = YES;
				CLANG_WARN_BOOL_CONVERSION = YES;
				CLANG_WARN_COMMA = YES;
				CLANG_WARN_CONSTANT_CONVERSION = YES;
				CLANG_WARN_DEPRECATED_OBJC_IMPLEMENTATIONS = YES;
				CLANG_WARN_DIRECT_OBJC_ISA_USAGE = YES_ERROR;
				CLANG_WARN_DOCUMENTATION_COMMENTS = YES;
				CLANG_WARN_EMPTY_BODY = YES;
				CLANG_WARN_ENUM_CONVERSION = YES;
				CLANG_WARN_INFINITE_RECURSION = YES;
				CLANG_WARN_INT_CONVERSION = YES;
				CLANG_WARN_NON_LITERAL_NULL_CONVERSION = YES;
				CLANG_WARN_OBJC_IMPLICIT_RETAIN_SELF = YES;
				CLANG_WARN_OBJC_LITERAL_CONVERSION = YES;
				CLANG_WARN_OBJC_ROOT_CLASS = YES_ERROR;
				CLANG_WARN_QUOTED_INCLUDE_IN_FRAMEWORK_HEADER = YES;
				CLANG_WARN_RANGE_LOOP_ANALYSIS = YES;
				CLANG_WARN_STRICT_PROTOTYPES = YES;
				CLANG_WARN_SUSPICIOUS_MOVE = YES;
				CLANG_WARN_UNGUARDED_AVAILABILITY = YES_AGGRESSIVE;
				CLANG_WARN_UNREACHABLE_CODE = YES;
				CLANG_WARN__DUPLICATE_METHOD_MATCH = YES;
				COPY_PHASE_STRIP = NO;
				DEBUG_INFORMATION_FORMAT = dwarf;
				ENABLE_STRICT_OBJC_MSGSEND = YES;
				ENABLE_TESTABILITY = YES;
				GCC_C_LANGUAGE_STANDARD = gnu11;
				GCC_DYNAMIC_NO_PIC = NO;
				GCC_NO_COMMON_BLOCKS = YES;
				GCC_OPTIMIZATION_LEVEL = 0;
				GCC_PREPROCESSOR_DEFINITIONS = (
					"DEBUG=1",
					"$(inherited)",
				);
				GCC_WARN_64_TO_32_BIT_CONVERSION = YES;
				GCC_WARN_ABOUT_RETURN_TYPE = YES_ERROR;
				GCC_WARN_UNDECLARED_SELECTOR = YES;
				GCC_WARN_UNINITIALIZED_AUTOS = YES_AGGRESSIVE;
				GCC_WARN_UNUSED_FUNCTION = YES;
				GCC_WARN_UNUSED_VARIABLE = YES;
				IPHONEOS_DEPLOYMENT_TARGET = 14.5;
				MTL_ENABLE_DEBUG_INFO = INCLUDE_SOURCE;
				MTL_FAST_MATH = YES;
				ONLY_ACTIVE_ARCH = YES;
				SDKROOT = iphoneos;
				SWIFT_ACTIVE_COMPILATION_CONDITIONS = DEBUG;
				SWIFT_OPTIMIZATION_LEVEL = "-Onone";
			};
			name = Debug;
		};
		5DCE1CB0271615A300F21DA5 /* Release */ = {
			isa = XCBuildConfiguration;
			buildSettings = {
				ALWAYS_SEARCH_USER_PATHS = NO;
				CLANG_ANALYZER_NONNULL = YES;
				CLANG_ANALYZER_NUMBER_OBJECT_CONVERSION = YES_AGGRESSIVE;
				CLANG_CXX_LANGUAGE_STANDARD = "gnu++14";
				CLANG_CXX_LIBRARY = "libc++";
				CLANG_ENABLE_MODULES = YES;
				CLANG_ENABLE_OBJC_ARC = YES;
				CLANG_ENABLE_OBJC_WEAK = YES;
				CLANG_WARN_BLOCK_CAPTURE_AUTORELEASING = YES;
				CLANG_WARN_BOOL_CONVERSION = YES;
				CLANG_WARN_COMMA = YES;
				CLANG_WARN_CONSTANT_CONVERSION = YES;
				CLANG_WARN_DEPRECATED_OBJC_IMPLEMENTATIONS = YES;
				CLANG_WARN_DIRECT_OBJC_ISA_USAGE = YES_ERROR;
				CLANG_WARN_DOCUMENTATION_COMMENTS = YES;
				CLANG_WARN_EMPTY_BODY = YES;
				CLANG_WARN_ENUM_CONVERSION = YES;
				CLANG_WARN_INFINITE_RECURSION = YES;
				CLANG_WARN_INT_CONVERSION = YES;
				CLANG_WARN_NON_LITERAL_NULL_CONVERSION = YES;
				CLANG_WARN_OBJC_IMPLICIT_RETAIN_SELF = YES;
				CLANG_WARN_OBJC_LITERAL_CONVERSION = YES;
				CLANG_WARN_OBJC_ROOT_CLASS = YES_ERROR;
				CLANG_WARN_QUOTED_INCLUDE_IN_FRAMEWORK_HEADER = YES;
				CLANG_WARN_RANGE_LOOP_ANALYSIS = YES;
				CLANG_WARN_STRICT_PROTOTYPES = YES;
				CLANG_WARN_SUSPICIOUS_MOVE = YES;
				CLANG_WARN_UNGUARDED_AVAILABILITY = YES_AGGRESSIVE;
				CLANG_WARN_UNREACHABLE_CODE = YES;
				CLANG_WARN__DUPLICATE_METHOD_MATCH = YES;
				COPY_PHASE_STRIP = NO;
				DEBUG_INFORMATION_FORMAT = "dwarf-with-dsym";
				ENABLE_NS_ASSERTIONS = NO;
				ENABLE_STRICT_OBJC_MSGSEND = YES;
				GCC_C_LANGUAGE_STANDARD = gnu11;
				GCC_NO_COMMON_BLOCKS = YES;
				GCC_WARN_64_TO_32_BIT_CONVERSION = YES;
				GCC_WARN_ABOUT_RETURN_TYPE = YES_ERROR;
				GCC_WARN_UNDECLARED_SELECTOR = YES;
				GCC_WARN_UNINITIALIZED_AUTOS = YES_AGGRESSIVE;
				GCC_WARN_UNUSED_FUNCTION = YES;
				GCC_WARN_UNUSED_VARIABLE = YES;
				IPHONEOS_DEPLOYMENT_TARGET = 14.5;
				MTL_ENABLE_DEBUG_INFO = NO;
				MTL_FAST_MATH = YES;
				SDKROOT = iphoneos;
				SWIFT_COMPILATION_MODE = wholemodule;
				SWIFT_OPTIMIZATION_LEVEL = "-O";
				VALIDATE_PRODUCT = YES;
			};
			name = Release;
		};
		5DCE1CB2271615A300F21DA5 /* Debug */ = {
			isa = XCBuildConfiguration;
			buildSettings = {
				ASSETCATALOG_COMPILER_APPICON_NAME = AppIcon;
				ASSETCATALOG_COMPILER_GLOBAL_ACCENT_COLOR_NAME = AccentColor;
				CODE_SIGN_STYLE = Automatic;
				INFOPLIST_FILE = SegueProject/Info.plist;
				LD_RUNPATH_SEARCH_PATHS = (
					"$(inherited)",
					"@executable_path/Frameworks",
				);
				PRODUCT_BUNDLE_IDENTIFIER = com.FreddieRave.SegueProject;
				PRODUCT_NAME = "$(TARGET_NAME)";
				SWIFT_VERSION = 5.0;
				TARGETED_DEVICE_FAMILY = "1,2";
			};
			name = Debug;
		};
		5DCE1CB3271615A300F21DA5 /* Release */ = {
			isa = XCBuildConfiguration;
			buildSettings = {
				ASSETCATALOG_COMPILER_APPICON_NAME = AppIcon;
				ASSETCATALOG_COMPILER_GLOBAL_ACCENT_COLOR_NAME = AccentColor;
				CODE_SIGN_STYLE = Automatic;
				INFOPLIST_FILE = SegueProject/Info.plist;
				LD_RUNPATH_SEARCH_PATHS = (
					"$(inherited)",
					"@executable_path/Frameworks",
				);
				PRODUCT_BUNDLE_IDENTIFIER = com.FreddieRave.SegueProject;
				PRODUCT_NAME = "$(TARGET_NAME)";
				SWIFT_VERSION = 5.0;
				TARGETED_DEVICE_FAMILY = "1,2";
			};
			name = Release;
		};
		5DCE1CB5271615A300F21DA5 /* Debug */ = {
			isa = XCBuildConfiguration;
			buildSettings = {
				ALWAYS_EMBED_SWIFT_STANDARD_LIBRARIES = YES;
				BUNDLE_LOADER = "$(TEST_HOST)";
				CODE_SIGN_STYLE = Automatic;
				INFOPLIST_FILE = SegueProjectTests/Info.plist;
				IPHONEOS_DEPLOYMENT_TARGET = 14.5;
				LD_RUNPATH_SEARCH_PATHS = (
					"$(inherited)",
					"@executable_path/Frameworks",
					"@loader_path/Frameworks",
				);
				PRODUCT_BUNDLE_IDENTIFIER = com.FreddieRave.SegueProjectTests;
				PRODUCT_NAME = "$(TARGET_NAME)";
				SWIFT_VERSION = 5.0;
				TARGETED_DEVICE_FAMILY = "1,2";
				TEST_HOST = "$(BUILT_PRODUCTS_DIR)/SegueProject.app/SegueProject";
			};
			name = Debug;
		};
		5DCE1CB6271615A300F21DA5 /* Release */ = {
			isa = XCBuildConfiguration;
			buildSettings = {
				ALWAYS_EMBED_SWIFT_STANDARD_LIBRARIES = YES;
				BUNDLE_LOADER = "$(TEST_HOST)";
				CODE_SIGN_STYLE = Automatic;
				INFOPLIST_FILE = SegueProjectTests/Info.plist;
				IPHONEOS_DEPLOYMENT_TARGET = 14.5;
				LD_RUNPATH_SEARCH_PATHS = (
					"$(inherited)",
					"@executable_path/Frameworks",
					"@loader_path/Frameworks",
				);
				PRODUCT_BUNDLE_IDENTIFIER = com.FreddieRave.SegueProjectTests;
				PRODUCT_NAME = "$(TARGET_NAME)";
				SWIFT_VERSION = 5.0;
				TARGETED_DEVICE_FAMILY = "1,2";
				TEST_HOST = "$(BUILT_PRODUCTS_DIR)/SegueProject.app/SegueProject";
			};
			name = Release;
		};
		5DCE1CB8271615A300F21DA5 /* Debug */ = {
			isa = XCBuildConfiguration;
			buildSettings = {
				ALWAYS_EMBED_SWIFT_STANDARD_LIBRARIES = YES;
				CODE_SIGN_STYLE = Automatic;
				INFOPLIST_FILE = SegueProjectUITests/Info.plist;
				LD_RUNPATH_SEARCH_PATHS = (
					"$(inherited)",
					"@executable_path/Frameworks",
					"@loader_path/Frameworks",
				);
				PRODUCT_BUNDLE_IDENTIFIER = com.FreddieRave.SegueProjectUITests;
				PRODUCT_NAME = "$(TARGET_NAME)";
				SWIFT_VERSION = 5.0;
				TARGETED_DEVICE_FAMILY = "1,2";
				TEST_TARGET_NAME = SegueProject;
			};
			name = Debug;
		};
		5DCE1CB9271615A300F21DA5 /* Release */ = {
			isa = XCBuildConfiguration;
			buildSettings = {
				ALWAYS_EMBED_SWIFT_STANDARD_LIBRARIES = YES;
				CODE_SIGN_STYLE = Automatic;
				INFOPLIST_FILE = SegueProjectUITests/Info.plist;
				LD_RUNPATH_SEARCH_PATHS = (
					"$(inherited)",
					"@executable_path/Frameworks",
					"@loader_path/Frameworks",
				);
				PRODUCT_BUNDLE_IDENTIFIER = com.FreddieRave.SegueProjectUITests;
				PRODUCT_NAME = "$(TARGET_NAME)";
				SWIFT_VERSION = 5.0;
				TARGETED_DEVICE_FAMILY = "1,2";
				TEST_TARGET_NAME = SegueProject;
			};
			name = Release;
		};
/* End XCBuildConfiguration section */

/* Begin XCConfigurationList section */
		5DCE1C822716159F00F21DA5 /* Build configuration list for PBXProject "SegueProject" */ = {
			isa = XCConfigurationList;
			buildConfigurations = (
				5DCE1CAF271615A300F21DA5 /* Debug */,
				5DCE1CB0271615A300F21DA5 /* Release */,
			);
			defaultConfigurationIsVisible = 0;
			defaultConfigurationName = Release;
		};
		5DCE1CB1271615A300F21DA5 /* Build configuration list for PBXNativeTarget "SegueProject" */ = {
			isa = XCConfigurationList;
			buildConfigurations = (
				5DCE1CB2271615A300F21DA5 /* Debug */,
				5DCE1CB3271615A300F21DA5 /* Release */,
			);
			defaultConfigurationIsVisible = 0;
			defaultConfigurationName = Release;
		};
		5DCE1CB4271615A300F21DA5 /* Build configuration list for PBXNativeTarget "SegueProjectTests" */ = {
			isa = XCConfigurationList;
			buildConfigurations = (
				5DCE1CB5271615A300F21DA5 /* Debug */,
				5DCE1CB6271615A300F21DA5 /* Release */,
			);
			defaultConfigurationIsVisible = 0;
			defaultConfigurationName = Release;
		};
		5DCE1CB7271615A300F21DA5 /* Build configuration list for PBXNativeTarget "SegueProjectUITests" */ = {
			isa = XCConfigurationList;
			buildConfigurations = (
				5DCE1CB8271615A300F21DA5 /* Debug */,
				5DCE1CB9271615A300F21DA5 /* Release */,
			);
			defaultConfigurationIsVisible = 0;
			defaultConfigurationName = Release;
		};
/* End XCConfigurationList section */
	};
	rootObject = 5DCE1C7F2716159F00F21DA5 /* Project object */;
}
