// !$*UTF8*$!
{
	archiveVersion = 1;
	classes = {
	};
	objectVersion = 55;
	objects = {

/* Begin PBXBuildFile section */
		EF2E928A2727285D005A8CC5 /* AppDelegate.swift in Sources */ = {isa = PBXBuildFile; fileRef = EF2E92892727285D005A8CC5 /* AppDelegate.swift */; };
		EF2E928C2727285D005A8CC5 /* SceneDelegate.swift in Sources */ = {isa = PBXBuildFile; fileRef = EF2E928B2727285D005A8CC5 /* SceneDelegate.swift */; };
		EF2E928E2727285D005A8CC5 /* ViewController.swift in Sources */ = {isa = PBXBuildFile; fileRef = EF2E928D2727285D005A8CC5 /* ViewController.swift */; };
		EF2E92912727285D005A8CC5 /* Main.storyboard in Resources */ = {isa = PBXBuildFile; fileRef = EF2E928F2727285D005A8CC5 /* Main.storyboard */; };
		EF2E92932727285E005A8CC5 /* Assets.xcassets in Resources */ = {isa = PBXBuildFile; fileRef = EF2E92922727285E005A8CC5 /* Assets.xcassets */; };
		EF2E92962727285E005A8CC5 /* LaunchScreen.storyboard in Resources */ = {isa = PBXBuildFile; fileRef = EF2E92942727285E005A8CC5 /* LaunchScreen.storyboard */; };
		EF2E92A227272A72005A8CC5 /* Drinks Model (Codables).swift in Sources */ = {isa = PBXBuildFile; fileRef = EF2E92A127272A72005A8CC5 /* Drinks Model (Codables).swift */; };
		EF2E92A527272C15005A8CC5 /* DrinkCell.swift in Sources */ = {isa = PBXBuildFile; fileRef = EF2E92A327272C15005A8CC5 /* DrinkCell.swift */; };
		EF2E92A627272C15005A8CC5 /* DrinkCell.xib in Resources */ = {isa = PBXBuildFile; fileRef = EF2E92A427272C15005A8CC5 /* DrinkCell.xib */; };
		EF2E92A92727309E005A8CC5 /* Network Request.swift in Sources */ = {isa = PBXBuildFile; fileRef = EF2E92A82727309E005A8CC5 /* Network Request.swift */; };
		EF2E92AC2727CCD8005A8CC5 /* ImageCache.swift in Sources */ = {isa = PBXBuildFile; fileRef = EF2E92AB2727CCD8005A8CC5 /* ImageCache.swift */; };
/* End PBXBuildFile section */

/* Begin PBXFileReference section */
		EF2E92862727285D005A8CC5 /* MockImageCacheProject.app */ = {isa = PBXFileReference; explicitFileType = wrapper.application; includeInIndex = 0; path = MockImageCacheProject.app; sourceTree = BUILT_PRODUCTS_DIR; };
		EF2E92892727285D005A8CC5 /* AppDelegate.swift */ = {isa = PBXFileReference; lastKnownFileType = sourcecode.swift; path = AppDelegate.swift; sourceTree = "<group>"; };
		EF2E928B2727285D005A8CC5 /* SceneDelegate.swift */ = {isa = PBXFileReference; lastKnownFileType = sourcecode.swift; path = SceneDelegate.swift; sourceTree = "<group>"; };
		EF2E928D2727285D005A8CC5 /* ViewController.swift */ = {isa = PBXFileReference; lastKnownFileType = sourcecode.swift; path = ViewController.swift; sourceTree = "<group>"; };
		EF2E92902727285D005A8CC5 /* Base */ = {isa = PBXFileReference; lastKnownFileType = file.storyboard; name = Base; path = Base.lproj/Main.storyboard; sourceTree = "<group>"; };
		EF2E92922727285E005A8CC5 /* Assets.xcassets */ = {isa = PBXFileReference; lastKnownFileType = folder.assetcatalog; path = Assets.xcassets; sourceTree = "<group>"; };
		EF2E92952727285E005A8CC5 /* Base */ = {isa = PBXFileReference; lastKnownFileType = file.storyboard; name = Base; path = Base.lproj/LaunchScreen.storyboard; sourceTree = "<group>"; };
		EF2E92972727285E005A8CC5 /* Info.plist */ = {isa = PBXFileReference; lastKnownFileType = text.plist.xml; path = Info.plist; sourceTree = "<group>"; };
		EF2E92A127272A72005A8CC5 /* Drinks Model (Codables).swift */ = {isa = PBXFileReference; lastKnownFileType = sourcecode.swift; path = "Drinks Model (Codables).swift"; sourceTree = "<group>"; };
		EF2E92A327272C15005A8CC5 /* DrinkCell.swift */ = {isa = PBXFileReference; lastKnownFileType = sourcecode.swift; path = DrinkCell.swift; sourceTree = "<group>"; };
		EF2E92A427272C15005A8CC5 /* DrinkCell.xib */ = {isa = PBXFileReference; lastKnownFileType = file.xib; path = DrinkCell.xib; sourceTree = "<group>"; };
		EF2E92A82727309E005A8CC5 /* Network Request.swift */ = {isa = PBXFileReference; lastKnownFileType = sourcecode.swift; path = "Network Request.swift"; sourceTree = "<group>"; };
		EF2E92AB2727CCD8005A8CC5 /* ImageCache.swift */ = {isa = PBXFileReference; lastKnownFileType = sourcecode.swift; path = ImageCache.swift; sourceTree = "<group>"; };
/* End PBXFileReference section */

/* Begin PBXFrameworksBuildPhase section */
		EF2E92832727285D005A8CC5 /* Frameworks */ = {
			isa = PBXFrameworksBuildPhase;
			buildActionMask = 2147483647;
			files = (
			);
			runOnlyForDeploymentPostprocessing = 0;
		};
/* End PBXFrameworksBuildPhase section */

/* Begin PBXGroup section */
		EF2E927D2727285D005A8CC5 = {
			isa = PBXGroup;
			children = (
				EF2E92882727285D005A8CC5 /* MockImageCacheProject */,
				EF2E92872727285D005A8CC5 /* Products */,
			);
			sourceTree = "<group>";
		};
		EF2E92872727285D005A8CC5 /* Products */ = {
			isa = PBXGroup;
			children = (
				EF2E92862727285D005A8CC5 /* MockImageCacheProject.app */,
			);
			name = Products;
			sourceTree = "<group>";
		};
		EF2E92882727285D005A8CC5 /* MockImageCacheProject */ = {
			isa = PBXGroup;
			children = (
				EF2E92AA2727CCC8005A8CC5 /* ImageCache */,
				EF2E92A72727305F005A8CC5 /* Networking Request */,
				EF2E928F2727285D005A8CC5 /* Main.storyboard */,
				EF2E929D27272989005A8CC5 /* Model */,
				EF2E929E2727299C005A8CC5 /* View */,
				EF2E929F272729A8005A8CC5 /* Controller */,
				EF2E92A0272729D1005A8CC5 /* Other */,
				EF2E92942727285E005A8CC5 /* LaunchScreen.storyboard */,
				EF2E92972727285E005A8CC5 /* Info.plist */,
			);
			path = MockImageCacheProject;
			sourceTree = "<group>";
		};
		EF2E929D27272989005A8CC5 /* Model */ = {
			isa = PBXGroup;
			children = (
				EF2E92A127272A72005A8CC5 /* Drinks Model (Codables).swift */,
			);
			path = Model;
			sourceTree = "<group>";
		};
		EF2E929E2727299C005A8CC5 /* View */ = {
			isa = PBXGroup;
			children = (
				EF2E92A327272C15005A8CC5 /* DrinkCell.swift */,
				EF2E92A427272C15005A8CC5 /* DrinkCell.xib */,
			);
			path = View;
			sourceTree = "<group>";
		};
		EF2E929F272729A8005A8CC5 /* Controller */ = {
			isa = PBXGroup;
			children = (
				EF2E928D2727285D005A8CC5 /* ViewController.swift */,
			);
			path = Controller;
			sourceTree = "<group>";
		};
		EF2E92A0272729D1005A8CC5 /* Other */ = {
			isa = PBXGroup;
			children = (
				EF2E92922727285E005A8CC5 /* Assets.xcassets */,
				EF2E92892727285D005A8CC5 /* AppDelegate.swift */,
				EF2E928B2727285D005A8CC5 /* SceneDelegate.swift */,
			);
			path = Other;
			sourceTree = "<group>";
		};
		EF2E92A72727305F005A8CC5 /* Networking Request */ = {
			isa = PBXGroup;
			children = (
				EF2E92A82727309E005A8CC5 /* Network Request.swift */,
			);
			path = "Networking Request";
			sourceTree = "<group>";
		};
		EF2E92AA2727CCC8005A8CC5 /* ImageCache */ = {
			isa = PBXGroup;
			children = (
				EF2E92AB2727CCD8005A8CC5 /* ImageCache.swift */,
			);
			path = ImageCache;
			sourceTree = "<group>";
		};
/* End PBXGroup section */

/* Begin PBXNativeTarget section */
		EF2E92852727285D005A8CC5 /* MockImageCacheProject */ = {
			isa = PBXNativeTarget;
			buildConfigurationList = EF2E929A2727285E005A8CC5 /* Build configuration list for PBXNativeTarget "MockImageCacheProject" */;
			buildPhases = (
				EF2E92822727285D005A8CC5 /* Sources */,
				EF2E92832727285D005A8CC5 /* Frameworks */,
				EF2E92842727285D005A8CC5 /* Resources */,
			);
			buildRules = (
			);
			dependencies = (
			);
			name = MockImageCacheProject;
			productName = MockImageCacheProject;
			productReference = EF2E92862727285D005A8CC5 /* MockImageCacheProject.app */;
			productType = "com.apple.product-type.application";
		};
/* End PBXNativeTarget section */

/* Begin PBXProject section */
		EF2E927E2727285D005A8CC5 /* Project object */ = {
			isa = PBXProject;
			attributes = {
				BuildIndependentTargetsInParallel = 1;
				LastSwiftUpdateCheck = 1300;
				LastUpgradeCheck = 1300;
				TargetAttributes = {
					EF2E92852727285D005A8CC5 = {
						CreatedOnToolsVersion = 13.0;
					};
				};
			};
			buildConfigurationList = EF2E92812727285D005A8CC5 /* Build configuration list for PBXProject "MockImageCacheProject" */;
			compatibilityVersion = "Xcode 13.0";
			developmentRegion = en;
			hasScannedForEncodings = 0;
			knownRegions = (
				en,
				Base,
			);
			mainGroup = EF2E927D2727285D005A8CC5;
			productRefGroup = EF2E92872727285D005A8CC5 /* Products */;
			projectDirPath = "";
			projectRoot = "";
			targets = (
				EF2E92852727285D005A8CC5 /* MockImageCacheProject */,
			);
		};
/* End PBXProject section */

/* Begin PBXResourcesBuildPhase section */
		EF2E92842727285D005A8CC5 /* Resources */ = {
			isa = PBXResourcesBuildPhase;
			buildActionMask = 2147483647;
			files = (
				EF2E92962727285E005A8CC5 /* LaunchScreen.storyboard in Resources */,
				EF2E92932727285E005A8CC5 /* Assets.xcassets in Resources */,
				EF2E92A627272C15005A8CC5 /* DrinkCell.xib in Resources */,
				EF2E92912727285D005A8CC5 /* Main.storyboard in Resources */,
			);
			runOnlyForDeploymentPostprocessing = 0;
		};
/* End PBXResourcesBuildPhase section */

/* Begin PBXSourcesBuildPhase section */
		EF2E92822727285D005A8CC5 /* Sources */ = {
			isa = PBXSourcesBuildPhase;
			buildActionMask = 2147483647;
			files = (
				EF2E928E2727285D005A8CC5 /* ViewController.swift in Sources */,
				EF2E928A2727285D005A8CC5 /* AppDelegate.swift in Sources */,
				EF2E928C2727285D005A8CC5 /* SceneDelegate.swift in Sources */,
				EF2E92A527272C15005A8CC5 /* DrinkCell.swift in Sources */,
				EF2E92A227272A72005A8CC5 /* Drinks Model (Codables).swift in Sources */,
				EF2E92AC2727CCD8005A8CC5 /* ImageCache.swift in Sources */,
				EF2E92A92727309E005A8CC5 /* Network Request.swift in Sources */,
			);
			runOnlyForDeploymentPostprocessing = 0;
		};
/* End PBXSourcesBuildPhase section */

/* Begin PBXVariantGroup section */
		EF2E928F2727285D005A8CC5 /* Main.storyboard */ = {
			isa = PBXVariantGroup;
			children = (
				EF2E92902727285D005A8CC5 /* Base */,
			);
			name = Main.storyboard;
			sourceTree = "<group>";
		};
		EF2E92942727285E005A8CC5 /* LaunchScreen.storyboard */ = {
			isa = PBXVariantGroup;
			children = (
				EF2E92952727285E005A8CC5 /* Base */,
			);
			name = LaunchScreen.storyboard;
			sourceTree = "<group>";
		};
/* End PBXVariantGroup section */

/* Begin XCBuildConfiguration section */
		EF2E92982727285E005A8CC5 /* Debug */ = {
			isa = XCBuildConfiguration;
			buildSettings = {
				ALWAYS_SEARCH_USER_PATHS = NO;
				CLANG_ANALYZER_NONNULL = YES;
				CLANG_ANALYZER_NUMBER_OBJECT_CONVERSION = YES_AGGRESSIVE;
				CLANG_CXX_LANGUAGE_STANDARD = "gnu++17";
				CLANG_CXX_LIBRARY = "libc++";
				CLANG_ENABLE_MODULES = YES;
				CLANG_ENABLE_OBJC_ARC = YES;
				CLANG_ENABLE_OBJC_WEAK = YES;
				CLANG_WARN_BLOCK_CAPTURE_AUTORELEASING = YES;
				CLANG_WARN_BOOL_CONVERSION = YES;
				CLANG_WARN_COMMA = YES;
				CLANG_WARN_CONSTANT_CONVERSION = YES;
				CLANG_WARN_DEPRECATED_OBJC_IMPLEMENTATIONS = YES;
				CLANG_WARN_DIRECT_OBJC_ISA_USAGE = YES_ERROR;
				CLANG_WARN_DOCUMENTATION_COMMENTS = YES;
				CLANG_WARN_EMPTY_BODY = YES;
				CLANG_WARN_ENUM_CONVERSION = YES;
				CLANG_WARN_INFINITE_RECURSION = YES;
				CLANG_WARN_INT_CONVERSION = YES;
				CLANG_WARN_NON_LITERAL_NULL_CONVERSION = YES;
				CLANG_WARN_OBJC_IMPLICIT_RETAIN_SELF = YES;
				CLANG_WARN_OBJC_LITERAL_CONVERSION = YES;
				CLANG_WARN_OBJC_ROOT_CLASS = YES_ERROR;
				CLANG_WARN_QUOTED_INCLUDE_IN_FRAMEWORK_HEADER = YES;
				CLANG_WARN_RANGE_LOOP_ANALYSIS = YES;
				CLANG_WARN_STRICT_PROTOTYPES = YES;
				CLANG_WARN_SUSPICIOUS_MOVE = YES;
				CLANG_WARN_UNGUARDED_AVAILABILITY = YES_AGGRESSIVE;
				CLANG_WARN_UNREACHABLE_CODE = YES;
				CLANG_WARN__DUPLICATE_METHOD_MATCH = YES;
				COPY_PHASE_STRIP = NO;
				DEBUG_INFORMATION_FORMAT = dwarf;
				ENABLE_STRICT_OBJC_MSGSEND = YES;
				ENABLE_TESTABILITY = YES;
				GCC_C_LANGUAGE_STANDARD = gnu11;
				GCC_DYNAMIC_NO_PIC = NO;
				GCC_NO_COMMON_BLOCKS = YES;
				GCC_OPTIMIZATION_LEVEL = 0;
				GCC_PREPROCESSOR_DEFINITIONS = (
					"DEBUG=1",
					"$(inherited)",
				);
				GCC_WARN_64_TO_32_BIT_CONVERSION = YES;
				GCC_WARN_ABOUT_RETURN_TYPE = YES_ERROR;
				GCC_WARN_UNDECLARED_SELECTOR = YES;
				GCC_WARN_UNINITIALIZED_AUTOS = YES_AGGRESSIVE;
				GCC_WARN_UNUSED_FUNCTION = YES;
				GCC_WARN_UNUSED_VARIABLE = YES;
				IPHONEOS_DEPLOYMENT_TARGET = 15.0;
				MTL_ENABLE_DEBUG_INFO = INCLUDE_SOURCE;
				MTL_FAST_MATH = YES;
				ONLY_ACTIVE_ARCH = YES;
				SDKROOT = iphoneos;
				SWIFT_ACTIVE_COMPILATION_CONDITIONS = DEBUG;
				SWIFT_OPTIMIZATION_LEVEL = "-Onone";
			};
			name = Debug;
		};
		EF2E92992727285E005A8CC5 /* Release */ = {
			isa = XCBuildConfiguration;
			buildSettings = {
				ALWAYS_SEARCH_USER_PATHS = NO;
				CLANG_ANALYZER_NONNULL = YES;
				CLANG_ANALYZER_NUMBER_OBJECT_CONVERSION = YES_AGGRESSIVE;
				CLANG_CXX_LANGUAGE_STANDARD = "gnu++17";
				CLANG_CXX_LIBRARY = "libc++";
				CLANG_ENABLE_MODULES = YES;
				CLANG_ENABLE_OBJC_ARC = YES;
				CLANG_ENABLE_OBJC_WEAK = YES;
				CLANG_WARN_BLOCK_CAPTURE_AUTORELEASING = YES;
				CLANG_WARN_BOOL_CONVERSION = YES;
				CLANG_WARN_COMMA = YES;
				CLANG_WARN_CONSTANT_CONVERSION = YES;
				CLANG_WARN_DEPRECATED_OBJC_IMPLEMENTATIONS = YES;
				CLANG_WARN_DIRECT_OBJC_ISA_USAGE = YES_ERROR;
				CLANG_WARN_DOCUMENTATION_COMMENTS = YES;
				CLANG_WARN_EMPTY_BODY = YES;
				CLANG_WARN_ENUM_CONVERSION = YES;
				CLANG_WARN_INFINITE_RECURSION = YES;
				CLANG_WARN_INT_CONVERSION = YES;
				CLANG_WARN_NON_LITERAL_NULL_CONVERSION = YES;
				CLANG_WARN_OBJC_IMPLICIT_RETAIN_SELF = YES;
				CLANG_WARN_OBJC_LITERAL_CONVERSION = YES;
				CLANG_WARN_OBJC_ROOT_CLASS = YES_ERROR;
				CLANG_WARN_QUOTED_INCLUDE_IN_FRAMEWORK_HEADER = YES;
				CLANG_WARN_RANGE_LOOP_ANALYSIS = YES;
				CLANG_WARN_STRICT_PROTOTYPES = YES;
				CLANG_WARN_SUSPICIOUS_MOVE = YES;
				CLANG_WARN_UNGUARDED_AVAILABILITY = YES_AGGRESSIVE;
				CLANG_WARN_UNREACHABLE_CODE = YES;
				CLANG_WARN__DUPLICATE_METHOD_MATCH = YES;
				COPY_PHASE_STRIP = NO;
				DEBUG_INFORMATION_FORMAT = "dwarf-with-dsym";
				ENABLE_NS_ASSERTIONS = NO;
				ENABLE_STRICT_OBJC_MSGSEND = YES;
				GCC_C_LANGUAGE_STANDARD = gnu11;
				GCC_NO_COMMON_BLOCKS = YES;
				GCC_WARN_64_TO_32_BIT_CONVERSION = YES;
				GCC_WARN_ABOUT_RETURN_TYPE = YES_ERROR;
				GCC_WARN_UNDECLARED_SELECTOR = YES;
				GCC_WARN_UNINITIALIZED_AUTOS = YES_AGGRESSIVE;
				GCC_WARN_UNUSED_FUNCTION = YES;
				GCC_WARN_UNUSED_VARIABLE = YES;
				IPHONEOS_DEPLOYMENT_TARGET = 15.0;
				MTL_ENABLE_DEBUG_INFO = NO;
				MTL_FAST_MATH = YES;
				SDKROOT = iphoneos;
				SWIFT_COMPILATION_MODE = wholemodule;
				SWIFT_OPTIMIZATION_LEVEL = "-O";
				VALIDATE_PRODUCT = YES;
			};
			name = Release;
		};
		EF2E929B2727285E005A8CC5 /* Debug */ = {
			isa = XCBuildConfiguration;
			buildSettings = {
				ASSETCATALOG_COMPILER_APPICON_NAME = AppIcon;
				ASSETCATALOG_COMPILER_GLOBAL_ACCENT_COLOR_NAME = AccentColor;
				CODE_SIGN_STYLE = Automatic;
				CURRENT_PROJECT_VERSION = 1;
				DEVELOPMENT_TEAM = KNT9QUH8B5;
				GENERATE_INFOPLIST_FILE = YES;
				INFOPLIST_FILE = MockImageCacheProject/Info.plist;
				INFOPLIST_KEY_UIApplicationSupportsIndirectInputEvents = YES;
				INFOPLIST_KEY_UILaunchStoryboardName = LaunchScreen;
				INFOPLIST_KEY_UIMainStoryboardFile = Main;
				INFOPLIST_KEY_UISupportedInterfaceOrientations_iPad = "UIInterfaceOrientationPortrait UIInterfaceOrientationPortraitUpsideDown UIInterfaceOrientationLandscapeLeft UIInterfaceOrientationLandscapeRight";
				INFOPLIST_KEY_UISupportedInterfaceOrientations_iPhone = "UIInterfaceOrientationPortrait UIInterfaceOrientationLandscapeLeft UIInterfaceOrientationLandscapeRight";
				LD_RUNPATH_SEARCH_PATHS = (
					"$(inherited)",
					"@executable_path/Frameworks",
				);
				MARKETING_VERSION = 1.0;
				PRODUCT_BUNDLE_IDENTIFIER = DanielBrannon.MockImageCacheProject;
				PRODUCT_NAME = "$(TARGET_NAME)";
				SWIFT_EMIT_LOC_STRINGS = YES;
				SWIFT_VERSION = 5.0;
				TARGETED_DEVICE_FAMILY = "1,2";
			};
			name = Debug;
		};
		EF2E929C2727285E005A8CC5 /* Release */ = {
			isa = XCBuildConfiguration;
			buildSettings = {
				ASSETCATALOG_COMPILER_APPICON_NAME = AppIcon;
				ASSETCATALOG_COMPILER_GLOBAL_ACCENT_COLOR_NAME = AccentColor;
				CODE_SIGN_STYLE = Automatic;
				CURRENT_PROJECT_VERSION = 1;
				DEVELOPMENT_TEAM = KNT9QUH8B5;
				GENERATE_INFOPLIST_FILE = YES;
				INFOPLIST_FILE = MockImageCacheProject/Info.plist;
				INFOPLIST_KEY_UIApplicationSupportsIndirectInputEvents = YES;
				INFOPLIST_KEY_UILaunchStoryboardName = LaunchScreen;
				INFOPLIST_KEY_UIMainStoryboardFile = Main;
				INFOPLIST_KEY_UISupportedInterfaceOrientations_iPad = "UIInterfaceOrientationPortrait UIInterfaceOrientationPortraitUpsideDown UIInterfaceOrientationLandscapeLeft UIInterfaceOrientationLandscapeRight";
				INFOPLIST_KEY_UISupportedInterfaceOrientations_iPhone = "UIInterfaceOrientationPortrait UIInterfaceOrientationLandscapeLeft UIInterfaceOrientationLandscapeRight";
				LD_RUNPATH_SEARCH_PATHS = (
					"$(inherited)",
					"@executable_path/Frameworks",
				);
				MARKETING_VERSION = 1.0;
				PRODUCT_BUNDLE_IDENTIFIER = DanielBrannon.MockImageCacheProject;
				PRODUCT_NAME = "$(TARGET_NAME)";
				SWIFT_EMIT_LOC_STRINGS = YES;
				SWIFT_VERSION = 5.0;
				TARGETED_DEVICE_FAMILY = "1,2";
			};
			name = Release;
		};
/* End XCBuildConfiguration section */

/* Begin XCConfigurationList section */
		EF2E92812727285D005A8CC5 /* Build configuration list for PBXProject "MockImageCacheProject" */ = {
			isa = XCConfigurationList;
			buildConfigurations = (
				EF2E92982727285E005A8CC5 /* Debug */,
				EF2E92992727285E005A8CC5 /* Release */,
			);
			defaultConfigurationIsVisible = 0;
			defaultConfigurationName = Release;
		};
		EF2E929A2727285E005A8CC5 /* Build configuration list for PBXNativeTarget "MockImageCacheProject" */ = {
			isa = XCConfigurationList;
			buildConfigurations = (
				EF2E929B2727285E005A8CC5 /* Debug */,
				EF2E929C2727285E005A8CC5 /* Release */,
			);
			defaultConfigurationIsVisible = 0;
			defaultConfigurationName = Release;
		};
/* End XCConfigurationList section */
	};
	rootObject = EF2E927E2727285D005A8CC5 /* Project object */;
}
