// !$*UTF8*$!
{
	archiveVersion = 1;
	classes = {
	};
	objectVersion = 55;
	objects = {

/* Begin PBXBuildFile section */
		479073D6272097E4000CDBD4 /* ViewModel.swift in Sources */ = {isa = PBXBuildFile; fileRef = 479073D5272097E4000CDBD4 /* ViewModel.swift */; };
		479073D8272097ED000CDBD4 /* Model.swift in Sources */ = {isa = PBXBuildFile; fileRef = 479073D7272097ED000CDBD4 /* Model.swift */; };
		479073DA272097FE000CDBD4 /* UIActivityIndicatorView+Extension.swift in Sources */ = {isa = PBXBuildFile; fileRef = 479073D9272097FE000CDBD4 /* UIActivityIndicatorView+Extension.swift */; };
		479073DC2720995F000CDBD4 /* CollectionViewCell.swift in Sources */ = {isa = PBXBuildFile; fileRef = 479073DB2720995F000CDBD4 /* CollectionViewCell.swift */; };
		479073DE2720C064000CDBD4 /* WebViewController.storyboard in Resources */ = {isa = PBXBuildFile; fileRef = 479073DD2720C064000CDBD4 /* WebViewController.storyboard */; };
		479073E02720D51E000CDBD4 /* Coordinator.swift in Sources */ = {isa = PBXBuildFile; fileRef = 479073DF2720D51E000CDBD4 /* Coordinator.swift */; };
		479073E22720D527000CDBD4 /* MainCoordinator.swift in Sources */ = {isa = PBXBuildFile; fileRef = 479073E12720D527000CDBD4 /* MainCoordinator.swift */; };
		479073E42720DAF9000CDBD4 /* WebViewController.swift in Sources */ = {isa = PBXBuildFile; fileRef = 479073E32720DAF9000CDBD4 /* WebViewController.swift */; };
		47EDF617272077DE00BCB547 /* AppDelegate.swift in Sources */ = {isa = PBXBuildFile; fileRef = 47EDF616272077DE00BCB547 /* AppDelegate.swift */; };
		47EDF619272077DE00BCB547 /* SceneDelegate.swift in Sources */ = {isa = PBXBuildFile; fileRef = 47EDF618272077DE00BCB547 /* SceneDelegate.swift */; };
		47EDF61B272077DE00BCB547 /* ViewController.swift in Sources */ = {isa = PBXBuildFile; fileRef = 47EDF61A272077DE00BCB547 /* ViewController.swift */; };
		47EDF61E272077DE00BCB547 /* Main.storyboard in Resources */ = {isa = PBXBuildFile; fileRef = 47EDF61C272077DE00BCB547 /* Main.storyboard */; };
		47EDF620272077DF00BCB547 /* Assets.xcassets in Resources */ = {isa = PBXBuildFile; fileRef = 47EDF61F272077DF00BCB547 /* Assets.xcassets */; };
		47EDF623272077DF00BCB547 /* LaunchScreen.storyboard in Resources */ = {isa = PBXBuildFile; fileRef = 47EDF621272077DF00BCB547 /* LaunchScreen.storyboard */; };
/* End PBXBuildFile section */

/* Begin PBXFileReference section */
		479073D5272097E4000CDBD4 /* ViewModel.swift */ = {isa = PBXFileReference; fileEncoding = 4; lastKnownFileType = sourcecode.swift; path = ViewModel.swift; sourceTree = "<group>"; };
		479073D7272097ED000CDBD4 /* Model.swift */ = {isa = PBXFileReference; fileEncoding = 4; lastKnownFileType = sourcecode.swift; path = Model.swift; sourceTree = "<group>"; };
		479073D9272097FE000CDBD4 /* UIActivityIndicatorView+Extension.swift */ = {isa = PBXFileReference; fileEncoding = 4; lastKnownFileType = sourcecode.swift; path = "UIActivityIndicatorView+Extension.swift"; sourceTree = "<group>"; };
		479073DB2720995F000CDBD4 /* CollectionViewCell.swift */ = {isa = PBXFileReference; lastKnownFileType = sourcecode.swift; path = CollectionViewCell.swift; sourceTree = "<group>"; };
		479073DD2720C064000CDBD4 /* WebViewController.storyboard */ = {isa = PBXFileReference; lastKnownFileType = file.storyboard; path = WebViewController.storyboard; sourceTree = "<group>"; };
		479073DF2720D51E000CDBD4 /* Coordinator.swift */ = {isa = PBXFileReference; fileEncoding = 4; lastKnownFileType = sourcecode.swift; path = Coordinator.swift; sourceTree = "<group>"; };
		479073E12720D527000CDBD4 /* MainCoordinator.swift */ = {isa = PBXFileReference; fileEncoding = 4; lastKnownFileType = sourcecode.swift; path = MainCoordinator.swift; sourceTree = "<group>"; };
		479073E32720DAF9000CDBD4 /* WebViewController.swift */ = {isa = PBXFileReference; lastKnownFileType = sourcecode.swift; path = WebViewController.swift; sourceTree = "<group>"; };
		47EDF613272077DE00BCB547 /* CollectionView.app */ = {isa = PBXFileReference; explicitFileType = wrapper.application; includeInIndex = 0; path = CollectionView.app; sourceTree = BUILT_PRODUCTS_DIR; };
		47EDF616272077DE00BCB547 /* AppDelegate.swift */ = {isa = PBXFileReference; lastKnownFileType = sourcecode.swift; path = AppDelegate.swift; sourceTree = "<group>"; };
		47EDF618272077DE00BCB547 /* SceneDelegate.swift */ = {isa = PBXFileReference; lastKnownFileType = sourcecode.swift; path = SceneDelegate.swift; sourceTree = "<group>"; };
		47EDF61A272077DE00BCB547 /* ViewController.swift */ = {isa = PBXFileReference; lastKnownFileType = sourcecode.swift; path = ViewController.swift; sourceTree = "<group>"; };
		47EDF61D272077DE00BCB547 /* Base */ = {isa = PBXFileReference; lastKnownFileType = file.storyboard; name = Base; path = Base.lproj/Main.storyboard; sourceTree = "<group>"; };
		47EDF61F272077DF00BCB547 /* Assets.xcassets */ = {isa = PBXFileReference; lastKnownFileType = folder.assetcatalog; path = Assets.xcassets; sourceTree = "<group>"; };
		47EDF622272077DF00BCB547 /* Base */ = {isa = PBXFileReference; lastKnownFileType = file.storyboard; name = Base; path = Base.lproj/LaunchScreen.storyboard; sourceTree = "<group>"; };
		47EDF624272077DF00BCB547 /* Info.plist */ = {isa = PBXFileReference; lastKnownFileType = text.plist.xml; path = Info.plist; sourceTree = "<group>"; };
/* End PBXFileReference section */

/* Begin PBXFrameworksBuildPhase section */
		47EDF610272077DE00BCB547 /* Frameworks */ = {
			isa = PBXFrameworksBuildPhase;
			buildActionMask = 2147483647;
			files = (
			);
			runOnlyForDeploymentPostprocessing = 0;
		};
/* End PBXFrameworksBuildPhase section */

/* Begin PBXGroup section */
		47EDF60A272077DE00BCB547 = {
			isa = PBXGroup;
			children = (
				479073E12720D527000CDBD4 /* MainCoordinator.swift */,
				479073DF2720D51E000CDBD4 /* Coordinator.swift */,
				47EDF615272077DE00BCB547 /* CollectionView */,
				47EDF614272077DE00BCB547 /* Products */,
			);
			sourceTree = "<group>";
		};
		47EDF614272077DE00BCB547 /* Products */ = {
			isa = PBXGroup;
			children = (
				47EDF613272077DE00BCB547 /* CollectionView.app */,
			);
			name = Products;
			sourceTree = "<group>";
		};
		47EDF615272077DE00BCB547 /* CollectionView */ = {
			isa = PBXGroup;
			children = (
				479073D9272097FE000CDBD4 /* UIActivityIndicatorView+Extension.swift */,
				479073D7272097ED000CDBD4 /* Model.swift */,
				479073D5272097E4000CDBD4 /* ViewModel.swift */,
				47EDF616272077DE00BCB547 /* AppDelegate.swift */,
				479073DD2720C064000CDBD4 /* WebViewController.storyboard */,
				479073E32720DAF9000CDBD4 /* WebViewController.swift */,
				47EDF618272077DE00BCB547 /* SceneDelegate.swift */,
				47EDF61A272077DE00BCB547 /* ViewController.swift */,
				479073DB2720995F000CDBD4 /* CollectionViewCell.swift */,
				47EDF61C272077DE00BCB547 /* Main.storyboard */,
				47EDF61F272077DF00BCB547 /* Assets.xcassets */,
				47EDF621272077DF00BCB547 /* LaunchScreen.storyboard */,
				47EDF624272077DF00BCB547 /* Info.plist */,
			);
			path = CollectionView;
			sourceTree = "<group>";
		};
/* End PBXGroup section */

/* Begin PBXNativeTarget section */
		47EDF612272077DE00BCB547 /* CollectionView */ = {
			isa = PBXNativeTarget;
			buildConfigurationList = 47EDF627272077DF00BCB547 /* Build configuration list for PBXNativeTarget "CollectionView" */;
			buildPhases = (
				47EDF60F272077DE00BCB547 /* Sources */,
				47EDF610272077DE00BCB547 /* Frameworks */,
				47EDF611272077DE00BCB547 /* Resources */,
			);
			buildRules = (
			);
			dependencies = (
			);
			name = CollectionView;
			productName = CollectionView;
			productReference = 47EDF613272077DE00BCB547 /* CollectionView.app */;
			productType = "com.apple.product-type.application";
		};
/* End PBXNativeTarget section */

/* Begin PBXProject section */
		47EDF60B272077DE00BCB547 /* Project object */ = {
			isa = PBXProject;
			attributes = {
				BuildIndependentTargetsInParallel = 1;
				LastSwiftUpdateCheck = 1300;
				LastUpgradeCheck = 1300;
				TargetAttributes = {
					47EDF612272077DE00BCB547 = {
						CreatedOnToolsVersion = 13.0;
					};
				};
			};
			buildConfigurationList = 47EDF60E272077DE00BCB547 /* Build configuration list for PBXProject "CollectionView" */;
			compatibilityVersion = "Xcode 13.0";
			developmentRegion = en;
			hasScannedForEncodings = 0;
			knownRegions = (
				en,
				Base,
			);
			mainGroup = 47EDF60A272077DE00BCB547;
			productRefGroup = 47EDF614272077DE00BCB547 /* Products */;
			projectDirPath = "";
			projectRoot = "";
			targets = (
				47EDF612272077DE00BCB547 /* CollectionView */,
			);
		};
/* End PBXProject section */

/* Begin PBXResourcesBuildPhase section */
		47EDF611272077DE00BCB547 /* Resources */ = {
			isa = PBXResourcesBuildPhase;
			buildActionMask = 2147483647;
			files = (
				479073DE2720C064000CDBD4 /* WebViewController.storyboard in Resources */,
				47EDF623272077DF00BCB547 /* LaunchScreen.storyboard in Resources */,
				47EDF620272077DF00BCB547 /* Assets.xcassets in Resources */,
				47EDF61E272077DE00BCB547 /* Main.storyboard in Resources */,
			);
			runOnlyForDeploymentPostprocessing = 0;
		};
/* End PBXResourcesBuildPhase section */

/* Begin PBXSourcesBuildPhase section */
		47EDF60F272077DE00BCB547 /* Sources */ = {
			isa = PBXSourcesBuildPhase;
			buildActionMask = 2147483647;
			files = (
				479073E02720D51E000CDBD4 /* Coordinator.swift in Sources */,
				479073D8272097ED000CDBD4 /* Model.swift in Sources */,
				479073DA272097FE000CDBD4 /* UIActivityIndicatorView+Extension.swift in Sources */,
				479073E42720DAF9000CDBD4 /* WebViewController.swift in Sources */,
				47EDF61B272077DE00BCB547 /* ViewController.swift in Sources */,
				479073DC2720995F000CDBD4 /* CollectionViewCell.swift in Sources */,
				47EDF617272077DE00BCB547 /* AppDelegate.swift in Sources */,
				479073D6272097E4000CDBD4 /* ViewModel.swift in Sources */,
				479073E22720D527000CDBD4 /* MainCoordinator.swift in Sources */,
				47EDF619272077DE00BCB547 /* SceneDelegate.swift in Sources */,
			);
			runOnlyForDeploymentPostprocessing = 0;
		};
/* End PBXSourcesBuildPhase section */

/* Begin PBXVariantGroup section */
		47EDF61C272077DE00BCB547 /* Main.storyboard */ = {
			isa = PBXVariantGroup;
			children = (
				47EDF61D272077DE00BCB547 /* Base */,
			);
			name = Main.storyboard;
			sourceTree = "<group>";
		};
		47EDF621272077DF00BCB547 /* LaunchScreen.storyboard */ = {
			isa = PBXVariantGroup;
			children = (
				47EDF622272077DF00BCB547 /* Base */,
			);
			name = LaunchScreen.storyboard;
			sourceTree = "<group>";
		};
/* End PBXVariantGroup section */

/* Begin XCBuildConfiguration section */
		47EDF625272077DF00BCB547 /* Debug */ = {
			isa = XCBuildConfiguration;
			buildSettings = {
				ALWAYS_SEARCH_USER_PATHS = NO;
				CLANG_ANALYZER_NONNULL = YES;
				CLANG_ANALYZER_NUMBER_OBJECT_CONVERSION = YES_AGGRESSIVE;
				CLANG_CXX_LANGUAGE_STANDARD = "gnu++17";
				CLANG_CXX_LIBRARY = "libc++";
				CLANG_ENABLE_MODULES = YES;
				CLANG_ENABLE_OBJC_ARC = YES;
				CLANG_ENABLE_OBJC_WEAK = YES;
				CLANG_WARN_BLOCK_CAPTURE_AUTORELEASING = YES;
				CLANG_WARN_BOOL_CONVERSION = YES;
				CLANG_WARN_COMMA = YES;
				CLANG_WARN_CONSTANT_CONVERSION = YES;
				CLANG_WARN_DEPRECATED_OBJC_IMPLEMENTATIONS = YES;
				CLANG_WARN_DIRECT_OBJC_ISA_USAGE = YES_ERROR;
				CLANG_WARN_DOCUMENTATION_COMMENTS = YES;
				CLANG_WARN_EMPTY_BODY = YES;
				CLANG_WARN_ENUM_CONVERSION = YES;
				CLANG_WARN_INFINITE_RECURSION = YES;
				CLANG_WARN_INT_CONVERSION = YES;
				CLANG_WARN_NON_LITERAL_NULL_CONVERSION = YES;
				CLANG_WARN_OBJC_IMPLICIT_RETAIN_SELF = YES;
				CLANG_WARN_OBJC_LITERAL_CONVERSION = YES;
				CLANG_WARN_OBJC_ROOT_CLASS = YES_ERROR;
				CLANG_WARN_QUOTED_INCLUDE_IN_FRAMEWORK_HEADER = YES;
				CLANG_WARN_RANGE_LOOP_ANALYSIS = YES;
				CLANG_WARN_STRICT_PROTOTYPES = YES;
				CLANG_WARN_SUSPICIOUS_MOVE = YES;
				CLANG_WARN_UNGUARDED_AVAILABILITY = YES_AGGRESSIVE;
				CLANG_WARN_UNREACHABLE_CODE = YES;
				CLANG_WARN__DUPLICATE_METHOD_MATCH = YES;
				COPY_PHASE_STRIP = NO;
				DEBUG_INFORMATION_FORMAT = dwarf;
				ENABLE_STRICT_OBJC_MSGSEND = YES;
				ENABLE_TESTABILITY = YES;
				GCC_C_LANGUAGE_STANDARD = gnu11;
				GCC_DYNAMIC_NO_PIC = NO;
				GCC_NO_COMMON_BLOCKS = YES;
				GCC_OPTIMIZATION_LEVEL = 0;
				GCC_PREPROCESSOR_DEFINITIONS = (
					"DEBUG=1",
					"$(inherited)",
				);
				GCC_WARN_64_TO_32_BIT_CONVERSION = YES;
				GCC_WARN_ABOUT_RETURN_TYPE = YES_ERROR;
				GCC_WARN_UNDECLARED_SELECTOR = YES;
				GCC_WARN_UNINITIALIZED_AUTOS = YES_AGGRESSIVE;
				GCC_WARN_UNUSED_FUNCTION = YES;
				GCC_WARN_UNUSED_VARIABLE = YES;
				IPHONEOS_DEPLOYMENT_TARGET = 15.0;
				MTL_ENABLE_DEBUG_INFO = INCLUDE_SOURCE;
				MTL_FAST_MATH = YES;
				ONLY_ACTIVE_ARCH = YES;
				SDKROOT = iphoneos;
				SWIFT_ACTIVE_COMPILATION_CONDITIONS = DEBUG;
				SWIFT_OPTIMIZATION_LEVEL = "-Onone";
			};
			name = Debug;
		};
		47EDF626272077DF00BCB547 /* Release */ = {
			isa = XCBuildConfiguration;
			buildSettings = {
				ALWAYS_SEARCH_USER_PATHS = NO;
				CLANG_ANALYZER_NONNULL = YES;
				CLANG_ANALYZER_NUMBER_OBJECT_CONVERSION = YES_AGGRESSIVE;
				CLANG_CXX_LANGUAGE_STANDARD = "gnu++17";
				CLANG_CXX_LIBRARY = "libc++";
				CLANG_ENABLE_MODULES = YES;
				CLANG_ENABLE_OBJC_ARC = YES;
				CLANG_ENABLE_OBJC_WEAK = YES;
				CLANG_WARN_BLOCK_CAPTURE_AUTORELEASING = YES;
				CLANG_WARN_BOOL_CONVERSION = YES;
				CLANG_WARN_COMMA = YES;
				CLANG_WARN_CONSTANT_CONVERSION = YES;
				CLANG_WARN_DEPRECATED_OBJC_IMPLEMENTATIONS = YES;
				CLANG_WARN_DIRECT_OBJC_ISA_USAGE = YES_ERROR;
				CLANG_WARN_DOCUMENTATION_COMMENTS = YES;
				CLANG_WARN_EMPTY_BODY = YES;
				CLANG_WARN_ENUM_CONVERSION = YES;
				CLANG_WARN_INFINITE_RECURSION = YES;
				CLANG_WARN_INT_CONVERSION = YES;
				CLANG_WARN_NON_LITERAL_NULL_CONVERSION = YES;
				CLANG_WARN_OBJC_IMPLICIT_RETAIN_SELF = YES;
				CLANG_WARN_OBJC_LITERAL_CONVERSION = YES;
				CLANG_WARN_OBJC_ROOT_CLASS = YES_ERROR;
				CLANG_WARN_QUOTED_INCLUDE_IN_FRAMEWORK_HEADER = YES;
				CLANG_WARN_RANGE_LOOP_ANALYSIS = YES;
				CLANG_WARN_STRICT_PROTOTYPES = YES;
				CLANG_WARN_SUSPICIOUS_MOVE = YES;
				CLANG_WARN_UNGUARDED_AVAILABILITY = YES_AGGRESSIVE;
				CLANG_WARN_UNREACHABLE_CODE = YES;
				CLANG_WARN__DUPLICATE_METHOD_MATCH = YES;
				COPY_PHASE_STRIP = NO;
				DEBUG_INFORMATION_FORMAT = "dwarf-with-dsym";
				ENABLE_NS_ASSERTIONS = NO;
				ENABLE_STRICT_OBJC_MSGSEND = YES;
				GCC_C_LANGUAGE_STANDARD = gnu11;
				GCC_NO_COMMON_BLOCKS = YES;
				GCC_WARN_64_TO_32_BIT_CONVERSION = YES;
				GCC_WARN_ABOUT_RETURN_TYPE = YES_ERROR;
				GCC_WARN_UNDECLARED_SELECTOR = YES;
				GCC_WARN_UNINITIALIZED_AUTOS = YES_AGGRESSIVE;
				GCC_WARN_UNUSED_FUNCTION = YES;
				GCC_WARN_UNUSED_VARIABLE = YES;
				IPHONEOS_DEPLOYMENT_TARGET = 15.0;
				MTL_ENABLE_DEBUG_INFO = NO;
				MTL_FAST_MATH = YES;
				SDKROOT = iphoneos;
				SWIFT_COMPILATION_MODE = wholemodule;
				SWIFT_OPTIMIZATION_LEVEL = "-O";
				VALIDATE_PRODUCT = YES;
			};
			name = Release;
		};
		47EDF628272077DF00BCB547 /* Debug */ = {
			isa = XCBuildConfiguration;
			buildSettings = {
				ASSETCATALOG_COMPILER_APPICON_NAME = AppIcon;
				ASSETCATALOG_COMPILER_GLOBAL_ACCENT_COLOR_NAME = AccentColor;
				CODE_SIGN_STYLE = Automatic;
				CURRENT_PROJECT_VERSION = 1;
				DEVELOPMENT_TEAM = 99DMH5R3GK;
				GENERATE_INFOPLIST_FILE = YES;
				INFOPLIST_FILE = CollectionView/Info.plist;
				INFOPLIST_KEY_UIApplicationSupportsIndirectInputEvents = YES;
				INFOPLIST_KEY_UILaunchStoryboardName = LaunchScreen;
				INFOPLIST_KEY_UIMainStoryboardFile = Main;
				INFOPLIST_KEY_UISupportedInterfaceOrientations_iPad = "UIInterfaceOrientationPortrait UIInterfaceOrientationPortraitUpsideDown UIInterfaceOrientationLandscapeLeft UIInterfaceOrientationLandscapeRight";
				INFOPLIST_KEY_UISupportedInterfaceOrientations_iPhone = "UIInterfaceOrientationPortrait UIInterfaceOrientationLandscapeLeft UIInterfaceOrientationLandscapeRight";
				LD_RUNPATH_SEARCH_PATHS = (
					"$(inherited)",
					"@executable_path/Frameworks",
				);
				MARKETING_VERSION = 1.0;
				PRODUCT_BUNDLE_IDENTIFIER = rave.CollectionView;
				PRODUCT_NAME = "$(TARGET_NAME)";
				SWIFT_EMIT_LOC_STRINGS = YES;
				SWIFT_VERSION = 5.0;
				TARGETED_DEVICE_FAMILY = "1,2";
			};
			name = Debug;
		};
		47EDF629272077DF00BCB547 /* Release */ = {
			isa = XCBuildConfiguration;
			buildSettings = {
				ASSETCATALOG_COMPILER_APPICON_NAME = AppIcon;
				ASSETCATALOG_COMPILER_GLOBAL_ACCENT_COLOR_NAME = AccentColor;
				CODE_SIGN_STYLE = Automatic;
				CURRENT_PROJECT_VERSION = 1;
				DEVELOPMENT_TEAM = 99DMH5R3GK;
				GENERATE_INFOPLIST_FILE = YES;
				INFOPLIST_FILE = CollectionView/Info.plist;
				INFOPLIST_KEY_UIApplicationSupportsIndirectInputEvents = YES;
				INFOPLIST_KEY_UILaunchStoryboardName = LaunchScreen;
				INFOPLIST_KEY_UIMainStoryboardFile = Main;
				INFOPLIST_KEY_UISupportedInterfaceOrientations_iPad = "UIInterfaceOrientationPortrait UIInterfaceOrientationPortraitUpsideDown UIInterfaceOrientationLandscapeLeft UIInterfaceOrientationLandscapeRight";
				INFOPLIST_KEY_UISupportedInterfaceOrientations_iPhone = "UIInterfaceOrientationPortrait UIInterfaceOrientationLandscapeLeft UIInterfaceOrientationLandscapeRight";
				LD_RUNPATH_SEARCH_PATHS = (
					"$(inherited)",
					"@executable_path/Frameworks",
				);
				MARKETING_VERSION = 1.0;
				PRODUCT_BUNDLE_IDENTIFIER = rave.CollectionView;
				PRODUCT_NAME = "$(TARGET_NAME)";
				SWIFT_EMIT_LOC_STRINGS = YES;
				SWIFT_VERSION = 5.0;
				TARGETED_DEVICE_FAMILY = "1,2";
			};
			name = Release;
		};
/* End XCBuildConfiguration section */

/* Begin XCConfigurationList section */
		47EDF60E272077DE00BCB547 /* Build configuration list for PBXProject "CollectionView" */ = {
			isa = XCConfigurationList;
			buildConfigurations = (
				47EDF625272077DF00BCB547 /* Debug */,
				47EDF626272077DF00BCB547 /* Release */,
			);
			defaultConfigurationIsVisible = 0;
			defaultConfigurationName = Release;
		};
		47EDF627272077DF00BCB547 /* Build configuration list for PBXNativeTarget "CollectionView" */ = {
			isa = XCConfigurationList;
			buildConfigurations = (
				47EDF628272077DF00BCB547 /* Debug */,
				47EDF629272077DF00BCB547 /* Release */,
			);
			defaultConfigurationIsVisible = 0;
			defaultConfigurationName = Release;
		};
/* End XCConfigurationList section */
	};
	rootObject = 47EDF60B272077DE00BCB547 /* Project object */;
}
