// !$*UTF8*$!
{
	archiveVersion = 1;
	classes = {
	};
	objectVersion = 55;
	objects = {

/* Begin PBXBuildFile section */
		EF753F7A272C47090063FE3E /* AppDelegate.swift in Sources */ = {isa = PBXBuildFile; fileRef = EF753F79272C47090063FE3E /* AppDelegate.swift */; };
		EF753F7C272C47090063FE3E /* SceneDelegate.swift in Sources */ = {isa = PBXBuildFile; fileRef = EF753F7B272C47090063FE3E /* SceneDelegate.swift */; };
		EF753F7E272C47090063FE3E /* AnimeViewController.swift in Sources */ = {isa = PBXBuildFile; fileRef = EF753F7D272C47090063FE3E /* AnimeViewController.swift */; };
		EF753F81272C47090063FE3E /* Main.storyboard in Resources */ = {isa = PBXBuildFile; fileRef = EF753F7F272C47090063FE3E /* Main.storyboard */; };
		EF753F83272C47090063FE3E /* Assets.xcassets in Resources */ = {isa = PBXBuildFile; fileRef = EF753F82272C47090063FE3E /* Assets.xcassets */; };
		EF753F86272C47090063FE3E /* LaunchScreen.storyboard in Resources */ = {isa = PBXBuildFile; fileRef = EF753F84272C47090063FE3E /* LaunchScreen.storyboard */; };
		EF753F94272C47AE0063FE3E /* Network.swift in Sources */ = {isa = PBXBuildFile; fileRef = EF753F93272C47AE0063FE3E /* Network.swift */; };
		EF753F96272C47D90063FE3E /* AnimeModel.swift in Sources */ = {isa = PBXBuildFile; fileRef = EF753F95272C47D90063FE3E /* AnimeModel.swift */; };
		EF753F98272C47E30063FE3E /* AnimeViewModel.swift in Sources */ = {isa = PBXBuildFile; fileRef = EF753F97272C47E30063FE3E /* AnimeViewModel.swift */; };
		EF753FA1272C7DF80063FE3E /* AnimeCell.swift in Sources */ = {isa = PBXBuildFile; fileRef = EF753F9F272C7DF80063FE3E /* AnimeCell.swift */; };
		EF753FA2272C7DF80063FE3E /* AnimeCell.xib in Resources */ = {isa = PBXBuildFile; fileRef = EF753FA0272C7DF80063FE3E /* AnimeCell.xib */; };
		EF753FA42730DE3C0063FE3E /* ImageCache.swift in Sources */ = {isa = PBXBuildFile; fileRef = EF753FA32730DE3C0063FE3E /* ImageCache.swift */; };
/* End PBXBuildFile section */

/* Begin PBXFileReference section */
		EF753F76272C47090063FE3E /* AnimeProject.app */ = {isa = PBXFileReference; explicitFileType = wrapper.application; includeInIndex = 0; path = AnimeProject.app; sourceTree = BUILT_PRODUCTS_DIR; };
		EF753F79272C47090063FE3E /* AppDelegate.swift */ = {isa = PBXFileReference; lastKnownFileType = sourcecode.swift; path = AppDelegate.swift; sourceTree = "<group>"; };
		EF753F7B272C47090063FE3E /* SceneDelegate.swift */ = {isa = PBXFileReference; lastKnownFileType = sourcecode.swift; path = SceneDelegate.swift; sourceTree = "<group>"; };
		EF753F7D272C47090063FE3E /* AnimeViewController.swift */ = {isa = PBXFileReference; lastKnownFileType = sourcecode.swift; path = AnimeViewController.swift; sourceTree = "<group>"; };
		EF753F80272C47090063FE3E /* Base */ = {isa = PBXFileReference; lastKnownFileType = file.storyboard; name = Base; path = Base.lproj/Main.storyboard; sourceTree = "<group>"; };
		EF753F82272C47090063FE3E /* Assets.xcassets */ = {isa = PBXFileReference; lastKnownFileType = folder.assetcatalog; path = Assets.xcassets; sourceTree = "<group>"; };
		EF753F85272C47090063FE3E /* Base */ = {isa = PBXFileReference; lastKnownFileType = file.storyboard; name = Base; path = Base.lproj/LaunchScreen.storyboard; sourceTree = "<group>"; };
		EF753F87272C47090063FE3E /* Info.plist */ = {isa = PBXFileReference; lastKnownFileType = text.plist.xml; path = Info.plist; sourceTree = "<group>"; };
		EF753F93272C47AE0063FE3E /* Network.swift */ = {isa = PBXFileReference; lastKnownFileType = sourcecode.swift; path = Network.swift; sourceTree = "<group>"; };
		EF753F95272C47D90063FE3E /* AnimeModel.swift */ = {isa = PBXFileReference; lastKnownFileType = sourcecode.swift; path = AnimeModel.swift; sourceTree = "<group>"; };
		EF753F97272C47E30063FE3E /* AnimeViewModel.swift */ = {isa = PBXFileReference; lastKnownFileType = sourcecode.swift; path = AnimeViewModel.swift; sourceTree = "<group>"; };
		EF753F9F272C7DF80063FE3E /* AnimeCell.swift */ = {isa = PBXFileReference; lastKnownFileType = sourcecode.swift; path = AnimeCell.swift; sourceTree = "<group>"; };
		EF753FA0272C7DF80063FE3E /* AnimeCell.xib */ = {isa = PBXFileReference; lastKnownFileType = file.xib; path = AnimeCell.xib; sourceTree = "<group>"; };
		EF753FA32730DE3C0063FE3E /* ImageCache.swift */ = {isa = PBXFileReference; lastKnownFileType = sourcecode.swift; path = ImageCache.swift; sourceTree = "<group>"; };
/* End PBXFileReference section */

/* Begin PBXFrameworksBuildPhase section */
		EF753F73272C47090063FE3E /* Frameworks */ = {
			isa = PBXFrameworksBuildPhase;
			buildActionMask = 2147483647;
			files = (
			);
			runOnlyForDeploymentPostprocessing = 0;
		};
/* End PBXFrameworksBuildPhase section */

/* Begin PBXGroup section */
		EF753F6D272C47090063FE3E = {
			isa = PBXGroup;
			children = (
				EF753F78272C47090063FE3E /* AnimeProject */,
				EF753F77272C47090063FE3E /* Products */,
			);
			sourceTree = "<group>";
		};
		EF753F77272C47090063FE3E /* Products */ = {
			isa = PBXGroup;
			children = (
				EF753F76272C47090063FE3E /* AnimeProject.app */,
			);
			name = Products;
			sourceTree = "<group>";
		};
		EF753F78272C47090063FE3E /* AnimeProject */ = {
			isa = PBXGroup;
			children = (
				EF753F92272C47A30063FE3E /* Network */,
				EF753F91272C47950063FE3E /* Storyboards */,
				EF753F8E272C47410063FE3E /* Model */,
				EF753F8D272C472B0063FE3E /* View Controller (View) */,
				EF753F8F272C474E0063FE3E /* View Model */,
				EF753F90272C47700063FE3E /* AppFiles */,
				EF753F84272C47090063FE3E /* LaunchScreen.storyboard */,
				EF753FA32730DE3C0063FE3E /* ImageCache.swift */,
				EF753F87272C47090063FE3E /* Info.plist */,
			);
			path = AnimeProject;
			sourceTree = "<group>";
		};
		EF753F8D272C472B0063FE3E /* View Controller (View) */ = {
			isa = PBXGroup;
			children = (
				EF753F7D272C47090063FE3E /* AnimeViewController.swift */,
				EF753F9F272C7DF80063FE3E /* AnimeCell.swift */,
				EF753FA0272C7DF80063FE3E /* AnimeCell.xib */,
			);
			path = "View Controller (View)";
			sourceTree = "<group>";
		};
		EF753F8E272C47410063FE3E /* Model */ = {
			isa = PBXGroup;
			children = (
				EF753F95272C47D90063FE3E /* AnimeModel.swift */,
			);
			path = Model;
			sourceTree = "<group>";
		};
		EF753F8F272C474E0063FE3E /* View Model */ = {
			isa = PBXGroup;
			children = (
				EF753F97272C47E30063FE3E /* AnimeViewModel.swift */,
			);
			path = "View Model";
			sourceTree = "<group>";
		};
		EF753F90272C47700063FE3E /* AppFiles */ = {
			isa = PBXGroup;
			children = (
				EF753F82272C47090063FE3E /* Assets.xcassets */,
				EF753F7B272C47090063FE3E /* SceneDelegate.swift */,
				EF753F79272C47090063FE3E /* AppDelegate.swift */,
			);
			path = AppFiles;
			sourceTree = "<group>";
		};
		EF753F91272C47950063FE3E /* Storyboards */ = {
			isa = PBXGroup;
			children = (
				EF753F7F272C47090063FE3E /* Main.storyboard */,
			);
			path = Storyboards;
			sourceTree = "<group>";
		};
		EF753F92272C47A30063FE3E /* Network */ = {
			isa = PBXGroup;
			children = (
				EF753F93272C47AE0063FE3E /* Network.swift */,
			);
			path = Network;
			sourceTree = "<group>";
		};
/* End PBXGroup section */

/* Begin PBXNativeTarget section */
		EF753F75272C47090063FE3E /* AnimeProject */ = {
			isa = PBXNativeTarget;
			buildConfigurationList = EF753F8A272C47090063FE3E /* Build configuration list for PBXNativeTarget "AnimeProject" */;
			buildPhases = (
				EF753F72272C47090063FE3E /* Sources */,
				EF753F73272C47090063FE3E /* Frameworks */,
				EF753F74272C47090063FE3E /* Resources */,
			);
			buildRules = (
			);
			dependencies = (
			);
			name = AnimeProject;
			productName = AnimeProject;
			productReference = EF753F76272C47090063FE3E /* AnimeProject.app */;
			productType = "com.apple.product-type.application";
		};
/* End PBXNativeTarget section */

/* Begin PBXProject section */
		EF753F6E272C47090063FE3E /* Project object */ = {
			isa = PBXProject;
			attributes = {
				BuildIndependentTargetsInParallel = 1;
				LastSwiftUpdateCheck = 1310;
				LastUpgradeCheck = 1310;
				TargetAttributes = {
					EF753F75272C47090063FE3E = {
						CreatedOnToolsVersion = 13.1;
					};
				};
			};
			buildConfigurationList = EF753F71272C47090063FE3E /* Build configuration list for PBXProject "AnimeProject" */;
			compatibilityVersion = "Xcode 13.0";
			developmentRegion = en;
			hasScannedForEncodings = 0;
			knownRegions = (
				en,
				Base,
			);
			mainGroup = EF753F6D272C47090063FE3E;
			productRefGroup = EF753F77272C47090063FE3E /* Products */;
			projectDirPath = "";
			projectRoot = "";
			targets = (
				EF753F75272C47090063FE3E /* AnimeProject */,
			);
		};
/* End PBXProject section */

/* Begin PBXResourcesBuildPhase section */
		EF753F74272C47090063FE3E /* Resources */ = {
			isa = PBXResourcesBuildPhase;
			buildActionMask = 2147483647;
			files = (
				EF753FA2272C7DF80063FE3E /* AnimeCell.xib in Resources */,
				EF753F86272C47090063FE3E /* LaunchScreen.storyboard in Resources */,
				EF753F83272C47090063FE3E /* Assets.xcassets in Resources */,
				EF753F81272C47090063FE3E /* Main.storyboard in Resources */,
			);
			runOnlyForDeploymentPostprocessing = 0;
		};
/* End PBXResourcesBuildPhase section */

/* Begin PBXSourcesBuildPhase section */
		EF753F72272C47090063FE3E /* Sources */ = {
			isa = PBXSourcesBuildPhase;
			buildActionMask = 2147483647;
			files = (
				EF753F7E272C47090063FE3E /* AnimeViewController.swift in Sources */,
				EF753F7A272C47090063FE3E /* AppDelegate.swift in Sources */,
				EF753FA42730DE3C0063FE3E /* ImageCache.swift in Sources */,
				EF753F96272C47D90063FE3E /* AnimeModel.swift in Sources */,
				EF753FA1272C7DF80063FE3E /* AnimeCell.swift in Sources */,
				EF753F98272C47E30063FE3E /* AnimeViewModel.swift in Sources */,
				EF753F94272C47AE0063FE3E /* Network.swift in Sources */,
				EF753F7C272C47090063FE3E /* SceneDelegate.swift in Sources */,
			);
			runOnlyForDeploymentPostprocessing = 0;
		};
/* End PBXSourcesBuildPhase section */

/* Begin PBXVariantGroup section */
		EF753F7F272C47090063FE3E /* Main.storyboard */ = {
			isa = PBXVariantGroup;
			children = (
				EF753F80272C47090063FE3E /* Base */,
			);
			name = Main.storyboard;
			sourceTree = "<group>";
		};
		EF753F84272C47090063FE3E /* LaunchScreen.storyboard */ = {
			isa = PBXVariantGroup;
			children = (
				EF753F85272C47090063FE3E /* Base */,
			);
			name = LaunchScreen.storyboard;
			sourceTree = "<group>";
		};
/* End PBXVariantGroup section */

/* Begin XCBuildConfiguration section */
		EF753F88272C47090063FE3E /* Debug */ = {
			isa = XCBuildConfiguration;
			buildSettings = {
				ALWAYS_SEARCH_USER_PATHS = NO;
				CLANG_ANALYZER_NONNULL = YES;
				CLANG_ANALYZER_NUMBER_OBJECT_CONVERSION = YES_AGGRESSIVE;
				CLANG_CXX_LANGUAGE_STANDARD = "gnu++17";
				CLANG_CXX_LIBRARY = "libc++";
				CLANG_ENABLE_MODULES = YES;
				CLANG_ENABLE_OBJC_ARC = YES;
				CLANG_ENABLE_OBJC_WEAK = YES;
				CLANG_WARN_BLOCK_CAPTURE_AUTORELEASING = YES;
				CLANG_WARN_BOOL_CONVERSION = YES;
				CLANG_WARN_COMMA = YES;
				CLANG_WARN_CONSTANT_CONVERSION = YES;
				CLANG_WARN_DEPRECATED_OBJC_IMPLEMENTATIONS = YES;
				CLANG_WARN_DIRECT_OBJC_ISA_USAGE = YES_ERROR;
				CLANG_WARN_DOCUMENTATION_COMMENTS = YES;
				CLANG_WARN_EMPTY_BODY = YES;
				CLANG_WARN_ENUM_CONVERSION = YES;
				CLANG_WARN_INFINITE_RECURSION = YES;
				CLANG_WARN_INT_CONVERSION = YES;
				CLANG_WARN_NON_LITERAL_NULL_CONVERSION = YES;
				CLANG_WARN_OBJC_IMPLICIT_RETAIN_SELF = YES;
				CLANG_WARN_OBJC_LITERAL_CONVERSION = YES;
				CLANG_WARN_OBJC_ROOT_CLASS = YES_ERROR;
				CLANG_WARN_QUOTED_INCLUDE_IN_FRAMEWORK_HEADER = YES;
				CLANG_WARN_RANGE_LOOP_ANALYSIS = YES;
				CLANG_WARN_STRICT_PROTOTYPES = YES;
				CLANG_WARN_SUSPICIOUS_MOVE = YES;
				CLANG_WARN_UNGUARDED_AVAILABILITY = YES_AGGRESSIVE;
				CLANG_WARN_UNREACHABLE_CODE = YES;
				CLANG_WARN__DUPLICATE_METHOD_MATCH = YES;
				COPY_PHASE_STRIP = NO;
				DEBUG_INFORMATION_FORMAT = dwarf;
				ENABLE_STRICT_OBJC_MSGSEND = YES;
				ENABLE_TESTABILITY = YES;
				GCC_C_LANGUAGE_STANDARD = gnu11;
				GCC_DYNAMIC_NO_PIC = NO;
				GCC_NO_COMMON_BLOCKS = YES;
				GCC_OPTIMIZATION_LEVEL = 0;
				GCC_PREPROCESSOR_DEFINITIONS = (
					"DEBUG=1",
					"$(inherited)",
				);
				GCC_WARN_64_TO_32_BIT_CONVERSION = YES;
				GCC_WARN_ABOUT_RETURN_TYPE = YES_ERROR;
				GCC_WARN_UNDECLARED_SELECTOR = YES;
				GCC_WARN_UNINITIALIZED_AUTOS = YES_AGGRESSIVE;
				GCC_WARN_UNUSED_FUNCTION = YES;
				GCC_WARN_UNUSED_VARIABLE = YES;
				IPHONEOS_DEPLOYMENT_TARGET = 15.0;
				MTL_ENABLE_DEBUG_INFO = INCLUDE_SOURCE;
				MTL_FAST_MATH = YES;
				ONLY_ACTIVE_ARCH = YES;
				SDKROOT = iphoneos;
				SWIFT_ACTIVE_COMPILATION_CONDITIONS = DEBUG;
				SWIFT_OPTIMIZATION_LEVEL = "-Onone";
			};
			name = Debug;
		};
		EF753F89272C47090063FE3E /* Release */ = {
			isa = XCBuildConfiguration;
			buildSettings = {
				ALWAYS_SEARCH_USER_PATHS = NO;
				CLANG_ANALYZER_NONNULL = YES;
				CLANG_ANALYZER_NUMBER_OBJECT_CONVERSION = YES_AGGRESSIVE;
				CLANG_CXX_LANGUAGE_STANDARD = "gnu++17";
				CLANG_CXX_LIBRARY = "libc++";
				CLANG_ENABLE_MODULES = YES;
				CLANG_ENABLE_OBJC_ARC = YES;
				CLANG_ENABLE_OBJC_WEAK = YES;
				CLANG_WARN_BLOCK_CAPTURE_AUTORELEASING = YES;
				CLANG_WARN_BOOL_CONVERSION = YES;
				CLANG_WARN_COMMA = YES;
				CLANG_WARN_CONSTANT_CONVERSION = YES;
				CLANG_WARN_DEPRECATED_OBJC_IMPLEMENTATIONS = YES;
				CLANG_WARN_DIRECT_OBJC_ISA_USAGE = YES_ERROR;
				CLANG_WARN_DOCUMENTATION_COMMENTS = YES;
				CLANG_WARN_EMPTY_BODY = YES;
				CLANG_WARN_ENUM_CONVERSION = YES;
				CLANG_WARN_INFINITE_RECURSION = YES;
				CLANG_WARN_INT_CONVERSION = YES;
				CLANG_WARN_NON_LITERAL_NULL_CONVERSION = YES;
				CLANG_WARN_OBJC_IMPLICIT_RETAIN_SELF = YES;
				CLANG_WARN_OBJC_LITERAL_CONVERSION = YES;
				CLANG_WARN_OBJC_ROOT_CLASS = YES_ERROR;
				CLANG_WARN_QUOTED_INCLUDE_IN_FRAMEWORK_HEADER = YES;
				CLANG_WARN_RANGE_LOOP_ANALYSIS = YES;
				CLANG_WARN_STRICT_PROTOTYPES = YES;
				CLANG_WARN_SUSPICIOUS_MOVE = YES;
				CLANG_WARN_UNGUARDED_AVAILABILITY = YES_AGGRESSIVE;
				CLANG_WARN_UNREACHABLE_CODE = YES;
				CLANG_WARN__DUPLICATE_METHOD_MATCH = YES;
				COPY_PHASE_STRIP = NO;
				DEBUG_INFORMATION_FORMAT = "dwarf-with-dsym";
				ENABLE_NS_ASSERTIONS = NO;
				ENABLE_STRICT_OBJC_MSGSEND = YES;
				GCC_C_LANGUAGE_STANDARD = gnu11;
				GCC_NO_COMMON_BLOCKS = YES;
				GCC_WARN_64_TO_32_BIT_CONVERSION = YES;
				GCC_WARN_ABOUT_RETURN_TYPE = YES_ERROR;
				GCC_WARN_UNDECLARED_SELECTOR = YES;
				GCC_WARN_UNINITIALIZED_AUTOS = YES_AGGRESSIVE;
				GCC_WARN_UNUSED_FUNCTION = YES;
				GCC_WARN_UNUSED_VARIABLE = YES;
				IPHONEOS_DEPLOYMENT_TARGET = 15.0;
				MTL_ENABLE_DEBUG_INFO = NO;
				MTL_FAST_MATH = YES;
				SDKROOT = iphoneos;
				SWIFT_COMPILATION_MODE = wholemodule;
				SWIFT_OPTIMIZATION_LEVEL = "-O";
				VALIDATE_PRODUCT = YES;
			};
			name = Release;
		};
		EF753F8B272C47090063FE3E /* Debug */ = {
			isa = XCBuildConfiguration;
			buildSettings = {
				ASSETCATALOG_COMPILER_APPICON_NAME = AppIcon;
				ASSETCATALOG_COMPILER_GLOBAL_ACCENT_COLOR_NAME = AccentColor;
				CODE_SIGN_STYLE = Automatic;
				CURRENT_PROJECT_VERSION = 1;
				DEVELOPMENT_TEAM = KNT9QUH8B5;
				GENERATE_INFOPLIST_FILE = YES;
				INFOPLIST_FILE = AnimeProject/Info.plist;
				INFOPLIST_KEY_UIApplicationSupportsIndirectInputEvents = YES;
				INFOPLIST_KEY_UILaunchStoryboardName = LaunchScreen;
				INFOPLIST_KEY_UIMainStoryboardFile = Main;
				INFOPLIST_KEY_UISupportedInterfaceOrientations_iPad = "UIInterfaceOrientationPortrait UIInterfaceOrientationPortraitUpsideDown UIInterfaceOrientationLandscapeLeft UIInterfaceOrientationLandscapeRight";
				INFOPLIST_KEY_UISupportedInterfaceOrientations_iPhone = "UIInterfaceOrientationPortrait UIInterfaceOrientationLandscapeLeft UIInterfaceOrientationLandscapeRight";
				LD_RUNPATH_SEARCH_PATHS = (
					"$(inherited)",
					"@executable_path/Frameworks",
				);
				MARKETING_VERSION = 1.0;
				PRODUCT_BUNDLE_IDENTIFIER = DanielBrannon.AnimeProject;
				PRODUCT_NAME = "$(TARGET_NAME)";
				SWIFT_EMIT_LOC_STRINGS = YES;
				SWIFT_VERSION = 5.0;
				TARGETED_DEVICE_FAMILY = "1,2";
			};
			name = Debug;
		};
		EF753F8C272C47090063FE3E /* Release */ = {
			isa = XCBuildConfiguration;
			buildSettings = {
				ASSETCATALOG_COMPILER_APPICON_NAME = AppIcon;
				ASSETCATALOG_COMPILER_GLOBAL_ACCENT_COLOR_NAME = AccentColor;
				CODE_SIGN_STYLE = Automatic;
				CURRENT_PROJECT_VERSION = 1;
				DEVELOPMENT_TEAM = KNT9QUH8B5;
				GENERATE_INFOPLIST_FILE = YES;
				INFOPLIST_FILE = AnimeProject/Info.plist;
				INFOPLIST_KEY_UIApplicationSupportsIndirectInputEvents = YES;
				INFOPLIST_KEY_UILaunchStoryboardName = LaunchScreen;
				INFOPLIST_KEY_UIMainStoryboardFile = Main;
				INFOPLIST_KEY_UISupportedInterfaceOrientations_iPad = "UIInterfaceOrientationPortrait UIInterfaceOrientationPortraitUpsideDown UIInterfaceOrientationLandscapeLeft UIInterfaceOrientationLandscapeRight";
				INFOPLIST_KEY_UISupportedInterfaceOrientations_iPhone = "UIInterfaceOrientationPortrait UIInterfaceOrientationLandscapeLeft UIInterfaceOrientationLandscapeRight";
				LD_RUNPATH_SEARCH_PATHS = (
					"$(inherited)",
					"@executable_path/Frameworks",
				);
				MARKETING_VERSION = 1.0;
				PRODUCT_BUNDLE_IDENTIFIER = DanielBrannon.AnimeProject;
				PRODUCT_NAME = "$(TARGET_NAME)";
				SWIFT_EMIT_LOC_STRINGS = YES;
				SWIFT_VERSION = 5.0;
				TARGETED_DEVICE_FAMILY = "1,2";
			};
			name = Release;
		};
/* End XCBuildConfiguration section */

/* Begin XCConfigurationList section */
		EF753F71272C47090063FE3E /* Build configuration list for PBXProject "AnimeProject" */ = {
			isa = XCConfigurationList;
			buildConfigurations = (
				EF753F88272C47090063FE3E /* Debug */,
				EF753F89272C47090063FE3E /* Release */,
			);
			defaultConfigurationIsVisible = 0;
			defaultConfigurationName = Release;
		};
		EF753F8A272C47090063FE3E /* Build configuration list for PBXNativeTarget "AnimeProject" */ = {
			isa = XCConfigurationList;
			buildConfigurations = (
				EF753F8B272C47090063FE3E /* Debug */,
				EF753F8C272C47090063FE3E /* Release */,
			);
			defaultConfigurationIsVisible = 0;
			defaultConfigurationName = Release;
		};
/* End XCConfigurationList section */
	};
	rootObject = EF753F6E272C47090063FE3E /* Project object */;
}
