// !$*UTF8*$!
{
	archiveVersion = 1;
	classes = {
	};
	objectVersion = 55;
	objects = {

/* Begin PBXBuildFile section */
		4709DF34271B6F2600E10B2E /* ThirdVC.swift in Sources */ = {isa = PBXBuildFile; fileRef = 4709DF32271B6F2600E10B2E /* ThirdVC.swift */; };
		4709DF35271B6F2600E10B2E /* ThirdVC.xib in Resources */ = {isa = PBXBuildFile; fileRef = 4709DF33271B6F2600E10B2E /* ThirdVC.xib */; };
		47831574271B483100429744 /* AppDelegate.swift in Sources */ = {isa = PBXBuildFile; fileRef = 47831573271B483100429744 /* AppDelegate.swift */; };
		47831576271B483100429744 /* SceneDelegate.swift in Sources */ = {isa = PBXBuildFile; fileRef = 47831575271B483100429744 /* SceneDelegate.swift */; };
		47831578271B483100429744 /* ViewController.swift in Sources */ = {isa = PBXBuildFile; fileRef = 47831577271B483100429744 /* ViewController.swift */; };
		4783157D271B483100429744 /* Assets.xcassets in Resources */ = {isa = PBXBuildFile; fileRef = 4783157C271B483100429744 /* Assets.xcassets */; };
		47831580271B483100429744 /* LaunchScreen.storyboard in Resources */ = {isa = PBXBuildFile; fileRef = 4783157E271B483100429744 /* LaunchScreen.storyboard */; };
		47831588271B485100429744 /* Coordinator.swift in Sources */ = {isa = PBXBuildFile; fileRef = 47831587271B485100429744 /* Coordinator.swift */; };
		4783158A271B48EF00429744 /* MainCoordinator.swift in Sources */ = {isa = PBXBuildFile; fileRef = 47831589271B48EF00429744 /* MainCoordinator.swift */; };
		47CC1900271B65F700998A2F /* SecondVC.swift in Sources */ = {isa = PBXBuildFile; fileRef = 47CC18FE271B65F700998A2F /* SecondVC.swift */; };
		47CC1901271B65F700998A2F /* SecondVC.xib in Resources */ = {isa = PBXBuildFile; fileRef = 47CC18FF271B65F700998A2F /* SecondVC.xib */; };
		47CC1903271B666800998A2F /* ViewController.xib in Resources */ = {isa = PBXBuildFile; fileRef = 47CC1902271B666800998A2F /* ViewController.xib */; };
/* End PBXBuildFile section */

/* Begin PBXFileReference section */
		4709DF32271B6F2600E10B2E /* ThirdVC.swift */ = {isa = PBXFileReference; lastKnownFileType = sourcecode.swift; path = ThirdVC.swift; sourceTree = "<group>"; };
		4709DF33271B6F2600E10B2E /* ThirdVC.xib */ = {isa = PBXFileReference; lastKnownFileType = file.xib; path = ThirdVC.xib; sourceTree = "<group>"; };
		47831570271B483100429744 /* coordinator_youtube.app */ = {isa = PBXFileReference; explicitFileType = wrapper.application; includeInIndex = 0; path = coordinator_youtube.app; sourceTree = BUILT_PRODUCTS_DIR; };
		47831573271B483100429744 /* AppDelegate.swift */ = {isa = PBXFileReference; lastKnownFileType = sourcecode.swift; path = AppDelegate.swift; sourceTree = "<group>"; };
		47831575271B483100429744 /* SceneDelegate.swift */ = {isa = PBXFileReference; lastKnownFileType = sourcecode.swift; path = SceneDelegate.swift; sourceTree = "<group>"; };
		47831577271B483100429744 /* ViewController.swift */ = {isa = PBXFileReference; lastKnownFileType = sourcecode.swift; path = ViewController.swift; sourceTree = "<group>"; };
		4783157C271B483100429744 /* Assets.xcassets */ = {isa = PBXFileReference; lastKnownFileType = folder.assetcatalog; path = Assets.xcassets; sourceTree = "<group>"; };
		4783157F271B483100429744 /* Base */ = {isa = PBXFileReference; lastKnownFileType = file.storyboard; name = Base; path = Base.lproj/LaunchScreen.storyboard; sourceTree = "<group>"; };
		47831581271B483100429744 /* Info.plist */ = {isa = PBXFileReference; lastKnownFileType = text.plist.xml; path = Info.plist; sourceTree = "<group>"; };
		47831587271B485100429744 /* Coordinator.swift */ = {isa = PBXFileReference; lastKnownFileType = sourcecode.swift; path = Coordinator.swift; sourceTree = "<group>"; };
		47831589271B48EF00429744 /* MainCoordinator.swift */ = {isa = PBXFileReference; lastKnownFileType = sourcecode.swift; path = MainCoordinator.swift; sourceTree = "<group>"; };
		47CC18FE271B65F700998A2F /* SecondVC.swift */ = {isa = PBXFileReference; lastKnownFileType = sourcecode.swift; path = SecondVC.swift; sourceTree = "<group>"; };
		47CC18FF271B65F700998A2F /* SecondVC.xib */ = {isa = PBXFileReference; lastKnownFileType = file.xib; path = SecondVC.xib; sourceTree = "<group>"; };
		47CC1902271B666800998A2F /* ViewController.xib */ = {isa = PBXFileReference; lastKnownFileType = file.xib; path = ViewController.xib; sourceTree = "<group>"; };
/* End PBXFileReference section */

/* Begin PBXFrameworksBuildPhase section */
		4783156D271B483100429744 /* Frameworks */ = {
			isa = PBXFrameworksBuildPhase;
			buildActionMask = 2147483647;
			files = (
			);
			runOnlyForDeploymentPostprocessing = 0;
		};
/* End PBXFrameworksBuildPhase section */

/* Begin PBXGroup section */
		47831567271B483100429744 = {
			isa = PBXGroup;
			children = (
				47831587271B485100429744 /* Coordinator.swift */,
				47831589271B48EF00429744 /* MainCoordinator.swift */,
				47831572271B483100429744 /* coordinator_youtube */,
				47831571271B483100429744 /* Products */,
			);
			sourceTree = "<group>";
		};
		47831571271B483100429744 /* Products */ = {
			isa = PBXGroup;
			children = (
				47831570271B483100429744 /* coordinator_youtube.app */,
			);
			name = Products;
			sourceTree = "<group>";
		};
		47831572271B483100429744 /* coordinator_youtube */ = {
			isa = PBXGroup;
			children = (
				47831573271B483100429744 /* AppDelegate.swift */,
				47831575271B483100429744 /* SceneDelegate.swift */,
				47831577271B483100429744 /* ViewController.swift */,
				47CC1902271B666800998A2F /* ViewController.xib */,
				4783157C271B483100429744 /* Assets.xcassets */,
				4783157E271B483100429744 /* LaunchScreen.storyboard */,
				47CC18FE271B65F700998A2F /* SecondVC.swift */,
				47CC18FF271B65F700998A2F /* SecondVC.xib */,
				4709DF32271B6F2600E10B2E /* ThirdVC.swift */,
				4709DF33271B6F2600E10B2E /* ThirdVC.xib */,
				47831581271B483100429744 /* Info.plist */,
			);
			path = coordinator_youtube;
			sourceTree = "<group>";
		};
/* End PBXGroup section */

/* Begin PBXNativeTarget section */
		4783156F271B483100429744 /* coordinator_youtube */ = {
			isa = PBXNativeTarget;
			buildConfigurationList = 47831584271B483100429744 /* Build configuration list for PBXNativeTarget "coordinator_youtube" */;
			buildPhases = (
				4783156C271B483100429744 /* Sources */,
				4783156D271B483100429744 /* Frameworks */,
				4783156E271B483100429744 /* Resources */,
			);
			buildRules = (
			);
			dependencies = (
			);
			name = coordinator_youtube;
			productName = coordinator_youtube;
			productReference = 47831570271B483100429744 /* coordinator_youtube.app */;
			productType = "com.apple.product-type.application";
		};
/* End PBXNativeTarget section */

/* Begin PBXProject section */
		47831568271B483100429744 /* Project object */ = {
			isa = PBXProject;
			attributes = {
				BuildIndependentTargetsInParallel = 1;
				LastSwiftUpdateCheck = 1300;
				LastUpgradeCheck = 1300;
				TargetAttributes = {
					4783156F271B483100429744 = {
						CreatedOnToolsVersion = 13.0;
					};
				};
			};
			buildConfigurationList = 4783156B271B483100429744 /* Build configuration list for PBXProject "coordinator_youtube" */;
			compatibilityVersion = "Xcode 13.0";
			developmentRegion = en;
			hasScannedForEncodings = 0;
			knownRegions = (
				en,
				Base,
			);
			mainGroup = 47831567271B483100429744;
			productRefGroup = 47831571271B483100429744 /* Products */;
			projectDirPath = "";
			projectRoot = "";
			targets = (
				4783156F271B483100429744 /* coordinator_youtube */,
			);
		};
/* End PBXProject section */

/* Begin PBXResourcesBuildPhase section */
		4783156E271B483100429744 /* Resources */ = {
			isa = PBXResourcesBuildPhase;
			buildActionMask = 2147483647;
			files = (
				47831580271B483100429744 /* LaunchScreen.storyboard in Resources */,
				4783157D271B483100429744 /* Assets.xcassets in Resources */,
				47CC1903271B666800998A2F /* ViewController.xib in Resources */,
				47CC1901271B65F700998A2F /* SecondVC.xib in Resources */,
				4709DF35271B6F2600E10B2E /* ThirdVC.xib in Resources */,
			);
			runOnlyForDeploymentPostprocessing = 0;
		};
/* End PBXResourcesBuildPhase section */

/* Begin PBXSourcesBuildPhase section */
		4783156C271B483100429744 /* Sources */ = {
			isa = PBXSourcesBuildPhase;
			buildActionMask = 2147483647;
			files = (
				47831588271B485100429744 /* Coordinator.swift in Sources */,
				47831578271B483100429744 /* ViewController.swift in Sources */,
				47831574271B483100429744 /* AppDelegate.swift in Sources */,
				4709DF34271B6F2600E10B2E /* ThirdVC.swift in Sources */,
				4783158A271B48EF00429744 /* MainCoordinator.swift in Sources */,
				47CC1900271B65F700998A2F /* SecondVC.swift in Sources */,
				47831576271B483100429744 /* SceneDelegate.swift in Sources */,
			);
			runOnlyForDeploymentPostprocessing = 0;
		};
/* End PBXSourcesBuildPhase section */

/* Begin PBXVariantGroup section */
		4783157E271B483100429744 /* LaunchScreen.storyboard */ = {
			isa = PBXVariantGroup;
			children = (
				4783157F271B483100429744 /* Base */,
			);
			name = LaunchScreen.storyboard;
			sourceTree = "<group>";
		};
/* End PBXVariantGroup section */

/* Begin XCBuildConfiguration section */
		47831582271B483100429744 /* Debug */ = {
			isa = XCBuildConfiguration;
			buildSettings = {
				ALWAYS_SEARCH_USER_PATHS = NO;
				CLANG_ANALYZER_NONNULL = YES;
				CLANG_ANALYZER_NUMBER_OBJECT_CONVERSION = YES_AGGRESSIVE;
				CLANG_CXX_LANGUAGE_STANDARD = "gnu++17";
				CLANG_CXX_LIBRARY = "libc++";
				CLANG_ENABLE_MODULES = YES;
				CLANG_ENABLE_OBJC_ARC = YES;
				CLANG_ENABLE_OBJC_WEAK = YES;
				CLANG_WARN_BLOCK_CAPTURE_AUTORELEASING = YES;
				CLANG_WARN_BOOL_CONVERSION = YES;
				CLANG_WARN_COMMA = YES;
				CLANG_WARN_CONSTANT_CONVERSION = YES;
				CLANG_WARN_DEPRECATED_OBJC_IMPLEMENTATIONS = YES;
				CLANG_WARN_DIRECT_OBJC_ISA_USAGE = YES_ERROR;
				CLANG_WARN_DOCUMENTATION_COMMENTS = YES;
				CLANG_WARN_EMPTY_BODY = YES;
				CLANG_WARN_ENUM_CONVERSION = YES;
				CLANG_WARN_INFINITE_RECURSION = YES;
				CLANG_WARN_INT_CONVERSION = YES;
				CLANG_WARN_NON_LITERAL_NULL_CONVERSION = YES;
				CLANG_WARN_OBJC_IMPLICIT_RETAIN_SELF = YES;
				CLANG_WARN_OBJC_LITERAL_CONVERSION = YES;
				CLANG_WARN_OBJC_ROOT_CLASS = YES_ERROR;
				CLANG_WARN_QUOTED_INCLUDE_IN_FRAMEWORK_HEADER = YES;
				CLANG_WARN_RANGE_LOOP_ANALYSIS = YES;
				CLANG_WARN_STRICT_PROTOTYPES = YES;
				CLANG_WARN_SUSPICIOUS_MOVE = YES;
				CLANG_WARN_UNGUARDED_AVAILABILITY = YES_AGGRESSIVE;
				CLANG_WARN_UNREACHABLE_CODE = YES;
				CLANG_WARN__DUPLICATE_METHOD_MATCH = YES;
				COPY_PHASE_STRIP = NO;
				DEBUG_INFORMATION_FORMAT = dwarf;
				ENABLE_STRICT_OBJC_MSGSEND = YES;
				ENABLE_TESTABILITY = YES;
				GCC_C_LANGUAGE_STANDARD = gnu11;
				GCC_DYNAMIC_NO_PIC = NO;
				GCC_NO_COMMON_BLOCKS = YES;
				GCC_OPTIMIZATION_LEVEL = 0;
				GCC_PREPROCESSOR_DEFINITIONS = (
					"DEBUG=1",
					"$(inherited)",
				);
				GCC_WARN_64_TO_32_BIT_CONVERSION = YES;
				GCC_WARN_ABOUT_RETURN_TYPE = YES_ERROR;
				GCC_WARN_UNDECLARED_SELECTOR = YES;
				GCC_WARN_UNINITIALIZED_AUTOS = YES_AGGRESSIVE;
				GCC_WARN_UNUSED_FUNCTION = YES;
				GCC_WARN_UNUSED_VARIABLE = YES;
				IPHONEOS_DEPLOYMENT_TARGET = 15.0;
				MTL_ENABLE_DEBUG_INFO = INCLUDE_SOURCE;
				MTL_FAST_MATH = YES;
				ONLY_ACTIVE_ARCH = YES;
				SDKROOT = iphoneos;
				SWIFT_ACTIVE_COMPILATION_CONDITIONS = DEBUG;
				SWIFT_OPTIMIZATION_LEVEL = "-Onone";
			};
			name = Debug;
		};
		47831583271B483100429744 /* Release */ = {
			isa = XCBuildConfiguration;
			buildSettings = {
				ALWAYS_SEARCH_USER_PATHS = NO;
				CLANG_ANALYZER_NONNULL = YES;
				CLANG_ANALYZER_NUMBER_OBJECT_CONVERSION = YES_AGGRESSIVE;
				CLANG_CXX_LANGUAGE_STANDARD = "gnu++17";
				CLANG_CXX_LIBRARY = "libc++";
				CLANG_ENABLE_MODULES = YES;
				CLANG_ENABLE_OBJC_ARC = YES;
				CLANG_ENABLE_OBJC_WEAK = YES;
				CLANG_WARN_BLOCK_CAPTURE_AUTORELEASING = YES;
				CLANG_WARN_BOOL_CONVERSION = YES;
				CLANG_WARN_COMMA = YES;
				CLANG_WARN_CONSTANT_CONVERSION = YES;
				CLANG_WARN_DEPRECATED_OBJC_IMPLEMENTATIONS = YES;
				CLANG_WARN_DIRECT_OBJC_ISA_USAGE = YES_ERROR;
				CLANG_WARN_DOCUMENTATION_COMMENTS = YES;
				CLANG_WARN_EMPTY_BODY = YES;
				CLANG_WARN_ENUM_CONVERSION = YES;
				CLANG_WARN_INFINITE_RECURSION = YES;
				CLANG_WARN_INT_CONVERSION = YES;
				CLANG_WARN_NON_LITERAL_NULL_CONVERSION = YES;
				CLANG_WARN_OBJC_IMPLICIT_RETAIN_SELF = YES;
				CLANG_WARN_OBJC_LITERAL_CONVERSION = YES;
				CLANG_WARN_OBJC_ROOT_CLASS = YES_ERROR;
				CLANG_WARN_QUOTED_INCLUDE_IN_FRAMEWORK_HEADER = YES;
				CLANG_WARN_RANGE_LOOP_ANALYSIS = YES;
				CLANG_WARN_STRICT_PROTOTYPES = YES;
				CLANG_WARN_SUSPICIOUS_MOVE = YES;
				CLANG_WARN_UNGUARDED_AVAILABILITY = YES_AGGRESSIVE;
				CLANG_WARN_UNREACHABLE_CODE = YES;
				CLANG_WARN__DUPLICATE_METHOD_MATCH = YES;
				COPY_PHASE_STRIP = NO;
				DEBUG_INFORMATION_FORMAT = "dwarf-with-dsym";
				ENABLE_NS_ASSERTIONS = NO;
				ENABLE_STRICT_OBJC_MSGSEND = YES;
				GCC_C_LANGUAGE_STANDARD = gnu11;
				GCC_NO_COMMON_BLOCKS = YES;
				GCC_WARN_64_TO_32_BIT_CONVERSION = YES;
				GCC_WARN_ABOUT_RETURN_TYPE = YES_ERROR;
				GCC_WARN_UNDECLARED_SELECTOR = YES;
				GCC_WARN_UNINITIALIZED_AUTOS = YES_AGGRESSIVE;
				GCC_WARN_UNUSED_FUNCTION = YES;
				GCC_WARN_UNUSED_VARIABLE = YES;
				IPHONEOS_DEPLOYMENT_TARGET = 15.0;
				MTL_ENABLE_DEBUG_INFO = NO;
				MTL_FAST_MATH = YES;
				SDKROOT = iphoneos;
				SWIFT_COMPILATION_MODE = wholemodule;
				SWIFT_OPTIMIZATION_LEVEL = "-O";
				VALIDATE_PRODUCT = YES;
			};
			name = Release;
		};
		47831585271B483100429744 /* Debug */ = {
			isa = XCBuildConfiguration;
			buildSettings = {
				ASSETCATALOG_COMPILER_APPICON_NAME = AppIcon;
				ASSETCATALOG_COMPILER_GLOBAL_ACCENT_COLOR_NAME = AccentColor;
				CODE_SIGN_STYLE = Automatic;
				CURRENT_PROJECT_VERSION = 1;
				DEVELOPMENT_TEAM = 99DMH5R3GK;
				GENERATE_INFOPLIST_FILE = YES;
				INFOPLIST_FILE = coordinator_youtube/Info.plist;
				INFOPLIST_KEY_UIApplicationSupportsIndirectInputEvents = YES;
				INFOPLIST_KEY_UILaunchStoryboardName = LaunchScreen;
				INFOPLIST_KEY_UIMainStoryboardFile = "";
				INFOPLIST_KEY_UISupportedInterfaceOrientations_iPad = "UIInterfaceOrientationPortrait UIInterfaceOrientationPortraitUpsideDown UIInterfaceOrientationLandscapeLeft UIInterfaceOrientationLandscapeRight";
				INFOPLIST_KEY_UISupportedInterfaceOrientations_iPhone = "UIInterfaceOrientationPortrait UIInterfaceOrientationLandscapeLeft UIInterfaceOrientationLandscapeRight";
				LD_RUNPATH_SEARCH_PATHS = (
					"$(inherited)",
					"@executable_path/Frameworks",
				);
				MARKETING_VERSION = 1.0;
				PRODUCT_BUNDLE_IDENTIFIER = "rave.coordinator-youtube";
				PRODUCT_NAME = "$(TARGET_NAME)";
				SWIFT_EMIT_LOC_STRINGS = YES;
				SWIFT_VERSION = 5.0;
				TARGETED_DEVICE_FAMILY = "1,2";
			};
			name = Debug;
		};
		47831586271B483100429744 /* Release */ = {
			isa = XCBuildConfiguration;
			buildSettings = {
				ASSETCATALOG_COMPILER_APPICON_NAME = AppIcon;
				ASSETCATALOG_COMPILER_GLOBAL_ACCENT_COLOR_NAME = AccentColor;
				CODE_SIGN_STYLE = Automatic;
				CURRENT_PROJECT_VERSION = 1;
				DEVELOPMENT_TEAM = 99DMH5R3GK;
				GENERATE_INFOPLIST_FILE = YES;
				INFOPLIST_FILE = coordinator_youtube/Info.plist;
				INFOPLIST_KEY_UIApplicationSupportsIndirectInputEvents = YES;
				INFOPLIST_KEY_UILaunchStoryboardName = LaunchScreen;
				INFOPLIST_KEY_UIMainStoryboardFile = "";
				INFOPLIST_KEY_UISupportedInterfaceOrientations_iPad = "UIInterfaceOrientationPortrait UIInterfaceOrientationPortraitUpsideDown UIInterfaceOrientationLandscapeLeft UIInterfaceOrientationLandscapeRight";
				INFOPLIST_KEY_UISupportedInterfaceOrientations_iPhone = "UIInterfaceOrientationPortrait UIInterfaceOrientationLandscapeLeft UIInterfaceOrientationLandscapeRight";
				LD_RUNPATH_SEARCH_PATHS = (
					"$(inherited)",
					"@executable_path/Frameworks",
				);
				MARKETING_VERSION = 1.0;
				PRODUCT_BUNDLE_IDENTIFIER = "rave.coordinator-youtube";
				PRODUCT_NAME = "$(TARGET_NAME)";
				SWIFT_EMIT_LOC_STRINGS = YES;
				SWIFT_VERSION = 5.0;
				TARGETED_DEVICE_FAMILY = "1,2";
			};
			name = Release;
		};
/* End XCBuildConfiguration section */

/* Begin XCConfigurationList section */
		4783156B271B483100429744 /* Build configuration list for PBXProject "coordinator_youtube" */ = {
			isa = XCConfigurationList;
			buildConfigurations = (
				47831582271B483100429744 /* Debug */,
				47831583271B483100429744 /* Release */,
			);
			defaultConfigurationIsVisible = 0;
			defaultConfigurationName = Release;
		};
		47831584271B483100429744 /* Build configuration list for PBXNativeTarget "coordinator_youtube" */ = {
			isa = XCConfigurationList;
			buildConfigurations = (
				47831585271B483100429744 /* Debug */,
				47831586271B483100429744 /* Release */,
			);
			defaultConfigurationIsVisible = 0;
			defaultConfigurationName = Release;
		};
/* End XCConfigurationList section */
	};
	rootObject = 47831568271B483100429744 /* Project object */;
}
